<?xml version="1.0" encoding="utf-8"?>
<Project ToolsVersion="15.0" xmlns="http://schemas.microsoft.com/developer/msbuild/2003">
  <ItemGroup>
    <CustomBuild Include="C:\yuneta\development\yuneta\^gobj-ecosistema\external-libs\win_build\pcre2-10.40\win_build\CMakeFiles\de686502cc490422338fe3b96c60f6f7\INSTALL_force.rule">
      <Filter>CMake Rules</Filter>
    </CustomBuild>
  </ItemGroup>
  <ItemGroup>
    <Filter Include="CMake Rules">
      <UniqueIdentifier>{8AA70F49-392E-30D2-8363-E33E074C6005}</UniqueIdentifier>
    </Filter>
  </ItemGroup>
</Project>
