<?xml version="1.0" encoding="utf-8"?>
<Project ToolsVersion="15.0" xmlns="http://schemas.microsoft.com/developer/msbuild/2003">
  <ItemGroup>
    <ClCompile Include="C:\yuneta\development\yuneta\^gobj-ecosistema\external-libs\build\pcre2-10.40\src\pcre2_auto_possess.c">
      <Filter>Source Files</Filter>
    </ClCompile>
    <ClCompile Include="C:\yuneta\development\yuneta\^gobj-ecosistema\external-libs\build\pcre2-10.40\build\pcre2_chartables.c">
      <Filter>Source Files</Filter>
    </ClCompile>
    <ClCompile Include="C:\yuneta\development\yuneta\^gobj-ecosistema\external-libs\build\pcre2-10.40\src\pcre2_compile.c">
      <Filter>Source Files</Filter>
    </ClCompile>
    <ClCompile Include="C:\yuneta\development\yuneta\^gobj-ecosistema\external-libs\build\pcre2-10.40\src\pcre2_config.c">
      <Filter>Source Files</Filter>
    </ClCompile>
    <ClCompile Include="C:\yuneta\development\yuneta\^gobj-ecosistema\external-libs\build\pcre2-10.40\src\pcre2_context.c">
      <Filter>Source Files</Filter>
    </ClCompile>
    <ClCompile Include="C:\yuneta\development\yuneta\^gobj-ecosistema\external-libs\build\pcre2-10.40\src\pcre2_convert.c">
      <Filter>Source Files</Filter>
    </ClCompile>
    <ClCompile Include="C:\yuneta\development\yuneta\^gobj-ecosistema\external-libs\build\pcre2-10.40\src\pcre2_dfa_match.c">
      <Filter>Source Files</Filter>
    </ClCompile>
    <ClCompile Include="C:\yuneta\development\yuneta\^gobj-ecosistema\external-libs\build\pcre2-10.40\src\pcre2_error.c">
      <Filter>Source Files</Filter>
    </ClCompile>
    <ClCompile Include="C:\yuneta\development\yuneta\^gobj-ecosistema\external-libs\build\pcre2-10.40\src\pcre2_extuni.c">
      <Filter>Source Files</Filter>
    </ClCompile>
    <ClCompile Include="C:\yuneta\development\yuneta\^gobj-ecosistema\external-libs\build\pcre2-10.40\src\pcre2_find_bracket.c">
      <Filter>Source Files</Filter>
    </ClCompile>
    <ClCompile Include="C:\yuneta\development\yuneta\^gobj-ecosistema\external-libs\build\pcre2-10.40\src\pcre2_jit_compile.c">
      <Filter>Source Files</Filter>
    </ClCompile>
    <ClCompile Include="C:\yuneta\development\yuneta\^gobj-ecosistema\external-libs\build\pcre2-10.40\src\pcre2_maketables.c">
      <Filter>Source Files</Filter>
    </ClCompile>
    <ClCompile Include="C:\yuneta\development\yuneta\^gobj-ecosistema\external-libs\build\pcre2-10.40\src\pcre2_match.c">
      <Filter>Source Files</Filter>
    </ClCompile>
    <ClCompile Include="C:\yuneta\development\yuneta\^gobj-ecosistema\external-libs\build\pcre2-10.40\src\pcre2_match_data.c">
      <Filter>Source Files</Filter>
    </ClCompile>
    <ClCompile Include="C:\yuneta\development\yuneta\^gobj-ecosistema\external-libs\build\pcre2-10.40\src\pcre2_newline.c">
      <Filter>Source Files</Filter>
    </ClCompile>
    <ClCompile Include="C:\yuneta\development\yuneta\^gobj-ecosistema\external-libs\build\pcre2-10.40\src\pcre2_ord2utf.c">
      <Filter>Source Files</Filter>
    </ClCompile>
    <ClCompile Include="C:\yuneta\development\yuneta\^gobj-ecosistema\external-libs\build\pcre2-10.40\src\pcre2_pattern_info.c">
      <Filter>Source Files</Filter>
    </ClCompile>
    <ClCompile Include="C:\yuneta\development\yuneta\^gobj-ecosistema\external-libs\build\pcre2-10.40\src\pcre2_script_run.c">
      <Filter>Source Files</Filter>
    </ClCompile>
    <ClCompile Include="C:\yuneta\development\yuneta\^gobj-ecosistema\external-libs\build\pcre2-10.40\src\pcre2_serialize.c">
      <Filter>Source Files</Filter>
    </ClCompile>
    <ClCompile Include="C:\yuneta\development\yuneta\^gobj-ecosistema\external-libs\build\pcre2-10.40\src\pcre2_string_utils.c">
      <Filter>Source Files</Filter>
    </ClCompile>
    <ClCompile Include="C:\yuneta\development\yuneta\^gobj-ecosistema\external-libs\build\pcre2-10.40\src\pcre2_study.c">
      <Filter>Source Files</Filter>
    </ClCompile>
    <ClCompile Include="C:\yuneta\development\yuneta\^gobj-ecosistema\external-libs\build\pcre2-10.40\src\pcre2_substitute.c">
      <Filter>Source Files</Filter>
    </ClCompile>
    <ClCompile Include="C:\yuneta\development\yuneta\^gobj-ecosistema\external-libs\build\pcre2-10.40\src\pcre2_substring.c">
      <Filter>Source Files</Filter>
    </ClCompile>
    <ClCompile Include="C:\yuneta\development\yuneta\^gobj-ecosistema\external-libs\build\pcre2-10.40\src\pcre2_tables.c">
      <Filter>Source Files</Filter>
    </ClCompile>
    <ClCompile Include="C:\yuneta\development\yuneta\^gobj-ecosistema\external-libs\build\pcre2-10.40\src\pcre2_ucd.c">
      <Filter>Source Files</Filter>
    </ClCompile>
    <ClCompile Include="C:\yuneta\development\yuneta\^gobj-ecosistema\external-libs\build\pcre2-10.40\src\pcre2_valid_utf.c">
      <Filter>Source Files</Filter>
    </ClCompile>
    <ClCompile Include="C:\yuneta\development\yuneta\^gobj-ecosistema\external-libs\build\pcre2-10.40\src\pcre2_xclass.c">
      <Filter>Source Files</Filter>
    </ClCompile>
  </ItemGroup>
  <ItemGroup>
    <ClInclude Include="C:\yuneta\development\yuneta\^gobj-ecosistema\external-libs\build\pcre2-10.40\build\pcre2.h">
      <Filter>Header Files</Filter>
    </ClInclude>
    <ClInclude Include="C:\yuneta\development\yuneta\^gobj-ecosistema\external-libs\build\pcre2-10.40\build\config.h">
      <Filter>Header Files</Filter>
    </ClInclude>
  </ItemGroup>
  <ItemGroup>
    <CustomBuild Include="C:\yuneta\development\yuneta\^gobj-ecosistema\external-libs\build\pcre2-10.40\CMakeLists.txt" />
  </ItemGroup>
  <ItemGroup>
    <Filter Include="Header Files">
      <UniqueIdentifier>{E80CDCAA-2CFE-33DF-AF42-0E08BDF1CAA0}</UniqueIdentifier>
    </Filter>
    <Filter Include="Source Files">
      <UniqueIdentifier>{003D9864-96C9-309D-9797-962A7B6CCFC3}</UniqueIdentifier>
    </Filter>
  </ItemGroup>
</Project>
