<?xml version="1.0" encoding="utf-8"?>
<Project ToolsVersion="15.0" xmlns="http://schemas.microsoft.com/developer/msbuild/2003">
  <ItemGroup>
    <ClCompile Include="C:\yuneta\development\yuneta\^gobj-ecosistema\external-libs\win_build\pcre2-10.40\src\pcre2grep.c">
      <Filter>Source Files</Filter>
    </ClCompile>
  </ItemGroup>
  <ItemGroup>
    <CustomBuild Include="C:\yuneta\development\yuneta\^gobj-ecosistema\external-libs\win_build\pcre2-10.40\CMakeLists.txt" />
  </ItemGroup>
  <ItemGroup>
    <Filter Include="Source Files">
      <UniqueIdentifier>{12A35CF1-BEFA-30CB-88CB-0637AD203EB2}</UniqueIdentifier>
    </Filter>
  </ItemGroup>
</Project>
