<?xml version="1.0" encoding="utf-8"?>
<Project ToolsVersion="15.0" xmlns="http://schemas.microsoft.com/developer/msbuild/2003">
  <ItemGroup>
    <ClCompile Include="C:\yuneta\development\yuneta\^gobj-ecosistema\external-libs\build\pcre2-10.40\src\pcre2test.c">
      <Filter>Source Files</Filter>
    </ClCompile>
  </ItemGroup>
  <ItemGroup>
    <CustomBuild Include="C:\yuneta\development\yuneta\^gobj-ecosistema\external-libs\build\pcre2-10.40\CMakeLists.txt" />
  </ItemGroup>
  <ItemGroup>
    <Filter Include="Source Files">
      <UniqueIdentifier>{003D9864-96C9-309D-9797-962A7B6CCFC3}</UniqueIdentifier>
    </Filter>
  </ItemGroup>
</Project>
