
Microsoft Visual Studio Solution File, Format Version 12.00
# Visual Studio 15
Project("{8BC9CEB8-8B4A-11D0-8D11-00A0C91BC942}") = "ALL_BUILD", "ALL_BUILD.vcxproj", "{3B6554F7-100F-39C2-B3C7-F12B0C0903C9}"
	ProjectSection(ProjectDependencies) = postProject
		{1D2918DC-4264-3DDD-85F4-5570D23DB9EA} = {1D2918DC-4264-3DDD-85F4-5570D23DB9EA}
		{3F44A356-FD30-396A-85E3-8EDE5BC5A4C4} = {3F44A356-FD30-396A-85E3-8EDE5BC5A4C4}
		{3EE60C1E-AE38-3E51-B51B-C0A0DF73917E} = {3EE60C1E-AE38-3E51-B51B-C0A0DF73917E}
		{143551B2-3990-3F85-8DA9-6B55E0476EA3} = {143551B2-3990-3F85-8DA9-6B55E0476EA3}
		{9D38E194-3EDB-30AC-9295-E64B6A2C78D6} = {9D38E194-3EDB-30AC-9295-E64B6A2C78D6}
	EndProjectSection
EndProject
Project("{8BC9CEB8-8B4A-11D0-8D11-00A0C91BC942}") = "INSTALL", "INSTALL.vcxproj", "{C8733DAF-507B-3F7A-B5E4-B36DA6D9D61C}"
	ProjectSection(ProjectDependencies) = postProject
		{3B6554F7-100F-39C2-B3C7-F12B0C0903C9} = {3B6554F7-100F-39C2-B3C7-F12B0C0903C9}
		{1D2918DC-4264-3DDD-85F4-5570D23DB9EA} = {1D2918DC-4264-3DDD-85F4-5570D23DB9EA}
	EndProjectSection
EndProject
Project("{8BC9CEB8-8B4A-11D0-8D11-00A0C91BC942}") = "RUN_TESTS", "RUN_TESTS.vcxproj", "{39854F28-00E1-3F12-9C57-DDE3F85870FE}"
	ProjectSection(ProjectDependencies) = postProject
		{1D2918DC-4264-3DDD-85F4-5570D23DB9EA} = {1D2918DC-4264-3DDD-85F4-5570D23DB9EA}
	EndProjectSection
EndProject
Project("{8BC9CEB8-8B4A-11D0-8D11-00A0C91BC942}") = "ZERO_CHECK", "ZERO_CHECK.vcxproj", "{1D2918DC-4264-3DDD-85F4-5570D23DB9EA}"
	ProjectSection(ProjectDependencies) = postProject
	EndProjectSection
EndProject
Project("{8BC9CEB8-8B4A-11D0-8D11-00A0C91BC942}") = "pcre2-8-static", "pcre2-8-static.vcxproj", "{3F44A356-FD30-396A-85E3-8EDE5BC5A4C4}"
	ProjectSection(ProjectDependencies) = postProject
		{1D2918DC-4264-3DDD-85F4-5570D23DB9EA} = {1D2918DC-4264-3DDD-85F4-5570D23DB9EA}
	EndProjectSection
EndProject
Project("{8BC9CEB8-8B4A-11D0-8D11-00A0C91BC942}") = "pcre2-posix-static", "pcre2-posix-static.vcxproj", "{3EE60C1E-AE38-3E51-B51B-C0A0DF73917E}"
	ProjectSection(ProjectDependencies) = postProject
		{1D2918DC-4264-3DDD-85F4-5570D23DB9EA} = {1D2918DC-4264-3DDD-85F4-5570D23DB9EA}
		{3F44A356-FD30-396A-85E3-8EDE5BC5A4C4} = {3F44A356-FD30-396A-85E3-8EDE5BC5A4C4}
	EndProjectSection
EndProject
Project("{8BC9CEB8-8B4A-11D0-8D11-00A0C91BC942}") = "pcre2grep", "pcre2grep.vcxproj", "{143551B2-3990-3F85-8DA9-6B55E0476EA3}"
	ProjectSection(ProjectDependencies) = postProject
		{1D2918DC-4264-3DDD-85F4-5570D23DB9EA} = {1D2918DC-4264-3DDD-85F4-5570D23DB9EA}
		{3F44A356-FD30-396A-85E3-8EDE5BC5A4C4} = {3F44A356-FD30-396A-85E3-8EDE5BC5A4C4}
		{3EE60C1E-AE38-3E51-B51B-C0A0DF73917E} = {3EE60C1E-AE38-3E51-B51B-C0A0DF73917E}
	EndProjectSection
EndProject
Project("{8BC9CEB8-8B4A-11D0-8D11-00A0C91BC942}") = "pcre2test", "pcre2test.vcxproj", "{9D38E194-3EDB-30AC-9295-E64B6A2C78D6}"
	ProjectSection(ProjectDependencies) = postProject
		{1D2918DC-4264-3DDD-85F4-5570D23DB9EA} = {1D2918DC-4264-3DDD-85F4-5570D23DB9EA}
		{3F44A356-FD30-396A-85E3-8EDE5BC5A4C4} = {3F44A356-FD30-396A-85E3-8EDE5BC5A4C4}
		{3EE60C1E-AE38-3E51-B51B-C0A0DF73917E} = {3EE60C1E-AE38-3E51-B51B-C0A0DF73917E}
	EndProjectSection
EndProject
Global
	GlobalSection(SolutionConfigurationPlatforms) = preSolution
		Debug|Win32 = Debug|Win32
		Release|Win32 = Release|Win32
		MinSizeRel|Win32 = MinSizeRel|Win32
		RelWithDebInfo|Win32 = RelWithDebInfo|Win32
	EndGlobalSection
	GlobalSection(ProjectConfigurationPlatforms) = postSolution
		{3B6554F7-100F-39C2-B3C7-F12B0C0903C9}.Debug|Win32.ActiveCfg = Debug|Win32
		{3B6554F7-100F-39C2-B3C7-F12B0C0903C9}.Debug|Win32.Build.0 = Debug|Win32
		{3B6554F7-100F-39C2-B3C7-F12B0C0903C9}.Release|Win32.ActiveCfg = Release|Win32
		{3B6554F7-100F-39C2-B3C7-F12B0C0903C9}.Release|Win32.Build.0 = Release|Win32
		{3B6554F7-100F-39C2-B3C7-F12B0C0903C9}.MinSizeRel|Win32.ActiveCfg = MinSizeRel|Win32
		{3B6554F7-100F-39C2-B3C7-F12B0C0903C9}.MinSizeRel|Win32.Build.0 = MinSizeRel|Win32
		{3B6554F7-100F-39C2-B3C7-F12B0C0903C9}.RelWithDebInfo|Win32.ActiveCfg = RelWithDebInfo|Win32
		{3B6554F7-100F-39C2-B3C7-F12B0C0903C9}.RelWithDebInfo|Win32.Build.0 = RelWithDebInfo|Win32
		{C8733DAF-507B-3F7A-B5E4-B36DA6D9D61C}.Debug|Win32.ActiveCfg = Debug|Win32
		{C8733DAF-507B-3F7A-B5E4-B36DA6D9D61C}.Release|Win32.ActiveCfg = Release|Win32
		{C8733DAF-507B-3F7A-B5E4-B36DA6D9D61C}.MinSizeRel|Win32.ActiveCfg = MinSizeRel|Win32
		{C8733DAF-507B-3F7A-B5E4-B36DA6D9D61C}.RelWithDebInfo|Win32.ActiveCfg = RelWithDebInfo|Win32
		{39854F28-00E1-3F12-9C57-DDE3F85870FE}.Debug|Win32.ActiveCfg = Debug|Win32
		{39854F28-00E1-3F12-9C57-DDE3F85870FE}.Release|Win32.ActiveCfg = Release|Win32
		{39854F28-00E1-3F12-9C57-DDE3F85870FE}.MinSizeRel|Win32.ActiveCfg = MinSizeRel|Win32
		{39854F28-00E1-3F12-9C57-DDE3F85870FE}.RelWithDebInfo|Win32.ActiveCfg = RelWithDebInfo|Win32
		{1D2918DC-4264-3DDD-85F4-5570D23DB9EA}.Debug|Win32.ActiveCfg = Debug|Win32
		{1D2918DC-4264-3DDD-85F4-5570D23DB9EA}.Debug|Win32.Build.0 = Debug|Win32
		{1D2918DC-4264-3DDD-85F4-5570D23DB9EA}.Release|Win32.ActiveCfg = Release|Win32
		{1D2918DC-4264-3DDD-85F4-5570D23DB9EA}.Release|Win32.Build.0 = Release|Win32
		{1D2918DC-4264-3DDD-85F4-5570D23DB9EA}.MinSizeRel|Win32.ActiveCfg = MinSizeRel|Win32
		{1D2918DC-4264-3DDD-85F4-5570D23DB9EA}.MinSizeRel|Win32.Build.0 = MinSizeRel|Win32
		{1D2918DC-4264-3DDD-85F4-5570D23DB9EA}.RelWithDebInfo|Win32.ActiveCfg = RelWithDebInfo|Win32
		{1D2918DC-4264-3DDD-85F4-5570D23DB9EA}.RelWithDebInfo|Win32.Build.0 = RelWithDebInfo|Win32
		{3F44A356-FD30-396A-85E3-8EDE5BC5A4C4}.Debug|Win32.ActiveCfg = Debug|Win32
		{3F44A356-FD30-396A-85E3-8EDE5BC5A4C4}.Debug|Win32.Build.0 = Debug|Win32
		{3F44A356-FD30-396A-85E3-8EDE5BC5A4C4}.Release|Win32.ActiveCfg = Release|Win32
		{3F44A356-FD30-396A-85E3-8EDE5BC5A4C4}.Release|Win32.Build.0 = Release|Win32
		{3F44A356-FD30-396A-85E3-8EDE5BC5A4C4}.MinSizeRel|Win32.ActiveCfg = MinSizeRel|Win32
		{3F44A356-FD30-396A-85E3-8EDE5BC5A4C4}.MinSizeRel|Win32.Build.0 = MinSizeRel|Win32
		{3F44A356-FD30-396A-85E3-8EDE5BC5A4C4}.RelWithDebInfo|Win32.ActiveCfg = RelWithDebInfo|Win32
		{3F44A356-FD30-396A-85E3-8EDE5BC5A4C4}.RelWithDebInfo|Win32.Build.0 = RelWithDebInfo|Win32
		{3EE60C1E-AE38-3E51-B51B-C0A0DF73917E}.Debug|Win32.ActiveCfg = Debug|Win32
		{3EE60C1E-AE38-3E51-B51B-C0A0DF73917E}.Debug|Win32.Build.0 = Debug|Win32
		{3EE60C1E-AE38-3E51-B51B-C0A0DF73917E}.Release|Win32.ActiveCfg = Release|Win32
		{3EE60C1E-AE38-3E51-B51B-C0A0DF73917E}.Release|Win32.Build.0 = Release|Win32
		{3EE60C1E-AE38-3E51-B51B-C0A0DF73917E}.MinSizeRel|Win32.ActiveCfg = MinSizeRel|Win32
		{3EE60C1E-AE38-3E51-B51B-C0A0DF73917E}.MinSizeRel|Win32.Build.0 = MinSizeRel|Win32
		{3EE60C1E-AE38-3E51-B51B-C0A0DF73917E}.RelWithDebInfo|Win32.ActiveCfg = RelWithDebInfo|Win32
		{3EE60C1E-AE38-3E51-B51B-C0A0DF73917E}.RelWithDebInfo|Win32.Build.0 = RelWithDebInfo|Win32
		{143551B2-3990-3F85-8DA9-6B55E0476EA3}.Debug|Win32.ActiveCfg = Debug|Win32
		{143551B2-3990-3F85-8DA9-6B55E0476EA3}.Debug|Win32.Build.0 = Debug|Win32
		{143551B2-3990-3F85-8DA9-6B55E0476EA3}.Release|Win32.ActiveCfg = Release|Win32
		{143551B2-3990-3F85-8DA9-6B55E0476EA3}.Release|Win32.Build.0 = Release|Win32
		{143551B2-3990-3F85-8DA9-6B55E0476EA3}.MinSizeRel|Win32.ActiveCfg = MinSizeRel|Win32
		{143551B2-3990-3F85-8DA9-6B55E0476EA3}.MinSizeRel|Win32.Build.0 = MinSizeRel|Win32
		{143551B2-3990-3F85-8DA9-6B55E0476EA3}.RelWithDebInfo|Win32.ActiveCfg = RelWithDebInfo|Win32
		{143551B2-3990-3F85-8DA9-6B55E0476EA3}.RelWithDebInfo|Win32.Build.0 = RelWithDebInfo|Win32
		{9D38E194-3EDB-30AC-9295-E64B6A2C78D6}.Debug|Win32.ActiveCfg = Debug|Win32
		{9D38E194-3EDB-30AC-9295-E64B6A2C78D6}.Debug|Win32.Build.0 = Debug|Win32
		{9D38E194-3EDB-30AC-9295-E64B6A2C78D6}.Release|Win32.ActiveCfg = Release|Win32
		{9D38E194-3EDB-30AC-9295-E64B6A2C78D6}.Release|Win32.Build.0 = Release|Win32
		{9D38E194-3EDB-30AC-9295-E64B6A2C78D6}.MinSizeRel|Win32.ActiveCfg = MinSizeRel|Win32
		{9D38E194-3EDB-30AC-9295-E64B6A2C78D6}.MinSizeRel|Win32.Build.0 = MinSizeRel|Win32
		{9D38E194-3EDB-30AC-9295-E64B6A2C78D6}.RelWithDebInfo|Win32.ActiveCfg = RelWithDebInfo|Win32
		{9D38E194-3EDB-30AC-9295-E64B6A2C78D6}.RelWithDebInfo|Win32.Build.0 = RelWithDebInfo|Win32
	EndGlobalSection
	GlobalSection(ExtensibilityGlobals) = postSolution
		SolutionGuid = {0D9DE5B9-6D25-36B8-B0E6-AFF0CC43B156}
	EndGlobalSection
	GlobalSection(ExtensibilityAddIns) = postSolution
	EndGlobalSection
EndGlobal
