
Microsoft Visual Studio Solution File, Format Version 12.00
# Visual Studio 15
Project("{8BC9CEB8-8B4A-11D0-8D11-00A0C91BC942}") = "ALL_BUILD", "ALL_BUILD.vcxproj", "{CC5FC269-785B-3BEF-A886-FA50558AA886}"
	ProjectSection(ProjectDependencies) = postProject
		{8056F1EF-F1AD-3C0A-AEBB-BEBDFF9E8299} = {8056F1EF-F1AD-3C0A-AEBB-BEBDFF9E8299}
		{70E54CD4-45AE-33B4-A65E-268EA874365B} = {70E54CD4-45AE-33B4-A65E-268EA874365B}
		{62F2B7F5-923C-3541-BF7E-CD594DA039A0} = {62F2B7F5-923C-3541-BF7E-CD594DA039A0}
		{366DB7F0-6B3D-3B7B-A496-FF0C94E893A5} = {366DB7F0-6B3D-3B7B-A496-FF0C94E893A5}
		{095BFC0A-3394-369D-8B2B-60E02531A711} = {095BFC0A-3394-369D-8B2B-60E02531A711}
	EndProjectSection
EndProject
Project("{8BC9CEB8-8B4A-11D0-8D11-00A0C91BC942}") = "INSTALL", "INSTALL.vcxproj", "{84888A89-1F62-3D79-ABD7-6D5A3A92086C}"
	ProjectSection(ProjectDependencies) = postProject
		{CC5FC269-785B-3BEF-A886-FA50558AA886} = {CC5FC269-785B-3BEF-A886-FA50558AA886}
		{8056F1EF-F1AD-3C0A-AEBB-BEBDFF9E8299} = {8056F1EF-F1AD-3C0A-AEBB-BEBDFF9E8299}
	EndProjectSection
EndProject
Project("{8BC9CEB8-8B4A-11D0-8D11-00A0C91BC942}") = "RUN_TESTS", "RUN_TESTS.vcxproj", "{56996D4F-88D2-34D2-A0F7-EC871F7451BC}"
	ProjectSection(ProjectDependencies) = postProject
		{8056F1EF-F1AD-3C0A-AEBB-BEBDFF9E8299} = {8056F1EF-F1AD-3C0A-AEBB-BEBDFF9E8299}
	EndProjectSection
EndProject
Project("{8BC9CEB8-8B4A-11D0-8D11-00A0C91BC942}") = "ZERO_CHECK", "ZERO_CHECK.vcxproj", "{8056F1EF-F1AD-3C0A-AEBB-BEBDFF9E8299}"
	ProjectSection(ProjectDependencies) = postProject
	EndProjectSection
EndProject
Project("{8BC9CEB8-8B4A-11D0-8D11-00A0C91BC942}") = "pcre2-8-static", "pcre2-8-static.vcxproj", "{70E54CD4-45AE-33B4-A65E-268EA874365B}"
	ProjectSection(ProjectDependencies) = postProject
		{8056F1EF-F1AD-3C0A-AEBB-BEBDFF9E8299} = {8056F1EF-F1AD-3C0A-AEBB-BEBDFF9E8299}
	EndProjectSection
EndProject
Project("{8BC9CEB8-8B4A-11D0-8D11-00A0C91BC942}") = "pcre2-posix-static", "pcre2-posix-static.vcxproj", "{62F2B7F5-923C-3541-BF7E-CD594DA039A0}"
	ProjectSection(ProjectDependencies) = postProject
		{8056F1EF-F1AD-3C0A-AEBB-BEBDFF9E8299} = {8056F1EF-F1AD-3C0A-AEBB-BEBDFF9E8299}
		{70E54CD4-45AE-33B4-A65E-268EA874365B} = {70E54CD4-45AE-33B4-A65E-268EA874365B}
	EndProjectSection
EndProject
Project("{8BC9CEB8-8B4A-11D0-8D11-00A0C91BC942}") = "pcre2grep", "pcre2grep.vcxproj", "{366DB7F0-6B3D-3B7B-A496-FF0C94E893A5}"
	ProjectSection(ProjectDependencies) = postProject
		{8056F1EF-F1AD-3C0A-AEBB-BEBDFF9E8299} = {8056F1EF-F1AD-3C0A-AEBB-BEBDFF9E8299}
		{70E54CD4-45AE-33B4-A65E-268EA874365B} = {70E54CD4-45AE-33B4-A65E-268EA874365B}
		{62F2B7F5-923C-3541-BF7E-CD594DA039A0} = {62F2B7F5-923C-3541-BF7E-CD594DA039A0}
	EndProjectSection
EndProject
Project("{8BC9CEB8-8B4A-11D0-8D11-00A0C91BC942}") = "pcre2test", "pcre2test.vcxproj", "{095BFC0A-3394-369D-8B2B-60E02531A711}"
	ProjectSection(ProjectDependencies) = postProject
		{8056F1EF-F1AD-3C0A-AEBB-BEBDFF9E8299} = {8056F1EF-F1AD-3C0A-AEBB-BEBDFF9E8299}
		{70E54CD4-45AE-33B4-A65E-268EA874365B} = {70E54CD4-45AE-33B4-A65E-268EA874365B}
		{62F2B7F5-923C-3541-BF7E-CD594DA039A0} = {62F2B7F5-923C-3541-BF7E-CD594DA039A0}
	EndProjectSection
EndProject
Global
	GlobalSection(SolutionConfigurationPlatforms) = preSolution
		Debug|Win32 = Debug|Win32
		Release|Win32 = Release|Win32
		MinSizeRel|Win32 = MinSizeRel|Win32
		RelWithDebInfo|Win32 = RelWithDebInfo|Win32
	EndGlobalSection
	GlobalSection(ProjectConfigurationPlatforms) = postSolution
		{CC5FC269-785B-3BEF-A886-FA50558AA886}.Debug|Win32.ActiveCfg = Debug|Win32
		{CC5FC269-785B-3BEF-A886-FA50558AA886}.Debug|Win32.Build.0 = Debug|Win32
		{CC5FC269-785B-3BEF-A886-FA50558AA886}.Release|Win32.ActiveCfg = Release|Win32
		{CC5FC269-785B-3BEF-A886-FA50558AA886}.Release|Win32.Build.0 = Release|Win32
		{CC5FC269-785B-3BEF-A886-FA50558AA886}.MinSizeRel|Win32.ActiveCfg = MinSizeRel|Win32
		{CC5FC269-785B-3BEF-A886-FA50558AA886}.MinSizeRel|Win32.Build.0 = MinSizeRel|Win32
		{CC5FC269-785B-3BEF-A886-FA50558AA886}.RelWithDebInfo|Win32.ActiveCfg = RelWithDebInfo|Win32
		{CC5FC269-785B-3BEF-A886-FA50558AA886}.RelWithDebInfo|Win32.Build.0 = RelWithDebInfo|Win32
		{84888A89-1F62-3D79-ABD7-6D5A3A92086C}.Debug|Win32.ActiveCfg = Debug|Win32
		{84888A89-1F62-3D79-ABD7-6D5A3A92086C}.Release|Win32.ActiveCfg = Release|Win32
		{84888A89-1F62-3D79-ABD7-6D5A3A92086C}.MinSizeRel|Win32.ActiveCfg = MinSizeRel|Win32
		{84888A89-1F62-3D79-ABD7-6D5A3A92086C}.RelWithDebInfo|Win32.ActiveCfg = RelWithDebInfo|Win32
		{56996D4F-88D2-34D2-A0F7-EC871F7451BC}.Debug|Win32.ActiveCfg = Debug|Win32
		{56996D4F-88D2-34D2-A0F7-EC871F7451BC}.Release|Win32.ActiveCfg = Release|Win32
		{56996D4F-88D2-34D2-A0F7-EC871F7451BC}.MinSizeRel|Win32.ActiveCfg = MinSizeRel|Win32
		{56996D4F-88D2-34D2-A0F7-EC871F7451BC}.RelWithDebInfo|Win32.ActiveCfg = RelWithDebInfo|Win32
		{8056F1EF-F1AD-3C0A-AEBB-BEBDFF9E8299}.Debug|Win32.ActiveCfg = Debug|Win32
		{8056F1EF-F1AD-3C0A-AEBB-BEBDFF9E8299}.Debug|Win32.Build.0 = Debug|Win32
		{8056F1EF-F1AD-3C0A-AEBB-BEBDFF9E8299}.Release|Win32.ActiveCfg = Release|Win32
		{8056F1EF-F1AD-3C0A-AEBB-BEBDFF9E8299}.Release|Win32.Build.0 = Release|Win32
		{8056F1EF-F1AD-3C0A-AEBB-BEBDFF9E8299}.MinSizeRel|Win32.ActiveCfg = MinSizeRel|Win32
		{8056F1EF-F1AD-3C0A-AEBB-BEBDFF9E8299}.MinSizeRel|Win32.Build.0 = MinSizeRel|Win32
		{8056F1EF-F1AD-3C0A-AEBB-BEBDFF9E8299}.RelWithDebInfo|Win32.ActiveCfg = RelWithDebInfo|Win32
		{8056F1EF-F1AD-3C0A-AEBB-BEBDFF9E8299}.RelWithDebInfo|Win32.Build.0 = RelWithDebInfo|Win32
		{70E54CD4-45AE-33B4-A65E-268EA874365B}.Debug|Win32.ActiveCfg = Debug|Win32
		{70E54CD4-45AE-33B4-A65E-268EA874365B}.Debug|Win32.Build.0 = Debug|Win32
		{70E54CD4-45AE-33B4-A65E-268EA874365B}.Release|Win32.ActiveCfg = Release|Win32
		{70E54CD4-45AE-33B4-A65E-268EA874365B}.Release|Win32.Build.0 = Release|Win32
		{70E54CD4-45AE-33B4-A65E-268EA874365B}.MinSizeRel|Win32.ActiveCfg = MinSizeRel|Win32
		{70E54CD4-45AE-33B4-A65E-268EA874365B}.MinSizeRel|Win32.Build.0 = MinSizeRel|Win32
		{70E54CD4-45AE-33B4-A65E-268EA874365B}.RelWithDebInfo|Win32.ActiveCfg = RelWithDebInfo|Win32
		{70E54CD4-45AE-33B4-A65E-268EA874365B}.RelWithDebInfo|Win32.Build.0 = RelWithDebInfo|Win32
		{62F2B7F5-923C-3541-BF7E-CD594DA039A0}.Debug|Win32.ActiveCfg = Debug|Win32
		{62F2B7F5-923C-3541-BF7E-CD594DA039A0}.Debug|Win32.Build.0 = Debug|Win32
		{62F2B7F5-923C-3541-BF7E-CD594DA039A0}.Release|Win32.ActiveCfg = Release|Win32
		{62F2B7F5-923C-3541-BF7E-CD594DA039A0}.Release|Win32.Build.0 = Release|Win32
		{62F2B7F5-923C-3541-BF7E-CD594DA039A0}.MinSizeRel|Win32.ActiveCfg = MinSizeRel|Win32
		{62F2B7F5-923C-3541-BF7E-CD594DA039A0}.MinSizeRel|Win32.Build.0 = MinSizeRel|Win32
		{62F2B7F5-923C-3541-BF7E-CD594DA039A0}.RelWithDebInfo|Win32.ActiveCfg = RelWithDebInfo|Win32
		{62F2B7F5-923C-3541-BF7E-CD594DA039A0}.RelWithDebInfo|Win32.Build.0 = RelWithDebInfo|Win32
		{366DB7F0-6B3D-3B7B-A496-FF0C94E893A5}.Debug|Win32.ActiveCfg = Debug|Win32
		{366DB7F0-6B3D-3B7B-A496-FF0C94E893A5}.Debug|Win32.Build.0 = Debug|Win32
		{366DB7F0-6B3D-3B7B-A496-FF0C94E893A5}.Release|Win32.ActiveCfg = Release|Win32
		{366DB7F0-6B3D-3B7B-A496-FF0C94E893A5}.Release|Win32.Build.0 = Release|Win32
		{366DB7F0-6B3D-3B7B-A496-FF0C94E893A5}.MinSizeRel|Win32.ActiveCfg = MinSizeRel|Win32
		{366DB7F0-6B3D-3B7B-A496-FF0C94E893A5}.MinSizeRel|Win32.Build.0 = MinSizeRel|Win32
		{366DB7F0-6B3D-3B7B-A496-FF0C94E893A5}.RelWithDebInfo|Win32.ActiveCfg = RelWithDebInfo|Win32
		{366DB7F0-6B3D-3B7B-A496-FF0C94E893A5}.RelWithDebInfo|Win32.Build.0 = RelWithDebInfo|Win32
		{095BFC0A-3394-369D-8B2B-60E02531A711}.Debug|Win32.ActiveCfg = Debug|Win32
		{095BFC0A-3394-369D-8B2B-60E02531A711}.Debug|Win32.Build.0 = Debug|Win32
		{095BFC0A-3394-369D-8B2B-60E02531A711}.Release|Win32.ActiveCfg = Release|Win32
		{095BFC0A-3394-369D-8B2B-60E02531A711}.Release|Win32.Build.0 = Release|Win32
		{095BFC0A-3394-369D-8B2B-60E02531A711}.MinSizeRel|Win32.ActiveCfg = MinSizeRel|Win32
		{095BFC0A-3394-369D-8B2B-60E02531A711}.MinSizeRel|Win32.Build.0 = MinSizeRel|Win32
		{095BFC0A-3394-369D-8B2B-60E02531A711}.RelWithDebInfo|Win32.ActiveCfg = RelWithDebInfo|Win32
		{095BFC0A-3394-369D-8B2B-60E02531A711}.RelWithDebInfo|Win32.Build.0 = RelWithDebInfo|Win32
	EndGlobalSection
	GlobalSection(ExtensibilityGlobals) = postSolution
		SolutionGuid = {7A8CF5E4-65FF-3F64-AB95-8E8326E5E4DE}
	EndGlobalSection
	GlobalSection(ExtensibilityAddIns) = postSolution
	EndGlobalSection
EndGlobal
