<?xml version="1.0" encoding="utf-8"?>
<Project ToolsVersion="15.0" xmlns="http://schemas.microsoft.com/developer/msbuild/2003">
  <ItemGroup>
    <CustomBuild Include="C:\yuneta\development\yuneta\^gobj-ecosistema\external-libs\build\pcre2-10.40\build\CMakeFiles\1672071af5e8da2c9c628481b8519b3c\generate.stamp.rule">
      <Filter>CMake Rules</Filter>
    </CustomBuild>
  </ItemGroup>
  <ItemGroup>
    <Filter Include="CMake Rules">
      <UniqueIdentifier>{25B716D9-076D-3E14-BED3-4E33B610341A}</UniqueIdentifier>
    </Filter>
  </ItemGroup>
</Project>
