<?xml version="1.0" encoding="utf-8"?>
<Project ToolsVersion="15.0" xmlns="http://schemas.microsoft.com/developer/msbuild/2003">
  <ItemGroup>
    <CustomBuild Include="C:\yuneta\development\yuneta\^gobj-ecosistema\external-libs\win_build\jansson-2.13.1\win_build\CMakeFiles\4d6305ba77e2935338579d9bfec68f02\check.rule">
      <Filter>CMake Rules</Filter>
    </CustomBuild>
    <CustomBuild Include="C:\yuneta\development\yuneta\^gobj-ecosistema\external-libs\win_build\jansson-2.13.1\CMakeLists.txt" />
  </ItemGroup>
  <ItemGroup>
    <None Include="C:\yuneta\development\yuneta\^gobj-ecosistema\external-libs\win_build\jansson-2.13.1\win_build\CMakeFiles\check" />
  </ItemGroup>
  <ItemGroup>
    <Filter Include="CMake Rules">
      <UniqueIdentifier>{9163E891-BC16-3D85-B24C-AEF1D161A004}</UniqueIdentifier>
    </Filter>
  </ItemGroup>
</Project>
