<?xml version="1.0" encoding="utf-8"?>
<Project ToolsVersion="15.0" xmlns="http://schemas.microsoft.com/developer/msbuild/2003">
  <ItemGroup>
    <CustomBuild Include="C:\yuneta\development\yuneta\^gobj-ecosistema\external-libs\build\jansson-2.13.1\build\CMakeFiles\5d37b969548310d5ce7818824c732519\INSTALL_force.rule">
      <Filter>CMake Rules</Filter>
    </CustomBuild>
  </ItemGroup>
  <ItemGroup>
    <Filter Include="CMake Rules">
      <UniqueIdentifier>{45468FAD-81E6-31A2-9389-61E2B59E53A4}</UniqueIdentifier>
    </Filter>
  </ItemGroup>
</Project>
