
Microsoft Visual Studio Solution File, Format Version 12.00
# Visual Studio 15
Project("{8BC9CEB8-8B4A-11D0-8D11-00A0C91BC942}") = "ALL_BUILD", "ALL_BUILD.vcxproj", "{1A4B89DA-1C5C-3C47-AB2E-95DDFF590116}"
	ProjectSection(ProjectDependencies) = postProject
		{12778A0F-847F-3ADC-9F8B-0DB15493E230} = {12778A0F-847F-3ADC-9F8B-0DB15493E230}
		{9B665339-7ECC-3368-9204-EE95D9756572} = {9B665339-7ECC-3368-9204-EE95D9756572}
		{D06F5A86-B54E-3DB0-9D1F-6A494AC9F8A0} = {D06F5A86-B54E-3DB0-9D1F-6A494AC9F8A0}
		{8B60B1D6-7098-3469-90A3-DF5274348DA3} = {8B60B1D6-7098-3469-90A3-DF5274348DA3}
		{43F0D50D-22B6-3878-8B21-D9D0F830C12D} = {43F0D50D-22B6-3878-8B21-D9D0F830C12D}
		{615ED6EC-FE23-385D-ACFF-B9D42BB4A2EF} = {615ED6EC-FE23-385D-ACFF-B9D42BB4A2EF}
		{B0657788-F1D0-3141-9A6D-ED4505688586} = {B0657788-F1D0-3141-9A6D-ED4505688586}
		{848A3239-E8C7-3DB9-919D-62C2C2E90401} = {848A3239-E8C7-3DB9-919D-62C2C2E90401}
		{02C1C894-AA0D-3369-B4D3-70C595CE4652} = {02C1C894-AA0D-3369-B4D3-70C595CE4652}
		{0A889B3D-6110-3BBA-B544-7B269BFF92B9} = {0A889B3D-6110-3BBA-B544-7B269BFF92B9}
		{5D69820D-6DAC-3C37-ABF5-5959B970C5FC} = {5D69820D-6DAC-3C37-ABF5-5959B970C5FC}
		{AD289E0B-0754-39DD-80FC-3E9A3ED7FB38} = {AD289E0B-0754-39DD-80FC-3E9A3ED7FB38}
		{95E50937-4C48-3C1D-9258-F82FB283B935} = {95E50937-4C48-3C1D-9258-F82FB283B935}
		{536F2A5B-A981-3F11-A75C-D3E3B0D90511} = {536F2A5B-A981-3F11-A75C-D3E3B0D90511}
		{59D84B6A-6D09-35DF-9971-55B4B5707B45} = {59D84B6A-6D09-35DF-9971-55B4B5707B45}
		{7E8EB621-145F-3516-A389-EFD8CE4AEF6A} = {7E8EB621-145F-3516-A389-EFD8CE4AEF6A}
		{BA6419C9-C088-3EA2-B964-85033A53CE22} = {BA6419C9-C088-3EA2-B964-85033A53CE22}
		{74EA037C-6D66-3ACA-839A-7F418DF45559} = {74EA037C-6D66-3ACA-839A-7F418DF45559}
		{C0947897-9352-3388-9C7B-A225251116A5} = {C0947897-9352-3388-9C7B-A225251116A5}
	EndProjectSection
EndProject
Project("{8BC9CEB8-8B4A-11D0-8D11-00A0C91BC942}") = "INSTALL", "INSTALL.vcxproj", "{3555CD2F-8D98-3597-9710-7494B2324089}"
	ProjectSection(ProjectDependencies) = postProject
		{1A4B89DA-1C5C-3C47-AB2E-95DDFF590116} = {1A4B89DA-1C5C-3C47-AB2E-95DDFF590116}
		{12778A0F-847F-3ADC-9F8B-0DB15493E230} = {12778A0F-847F-3ADC-9F8B-0DB15493E230}
	EndProjectSection
EndProject
Project("{8BC9CEB8-8B4A-11D0-8D11-00A0C91BC942}") = "RUN_TESTS", "RUN_TESTS.vcxproj", "{C1BD91BA-9F13-3F34-99FD-785462492241}"
	ProjectSection(ProjectDependencies) = postProject
		{12778A0F-847F-3ADC-9F8B-0DB15493E230} = {12778A0F-847F-3ADC-9F8B-0DB15493E230}
	EndProjectSection
EndProject
Project("{8BC9CEB8-8B4A-11D0-8D11-00A0C91BC942}") = "ZERO_CHECK", "ZERO_CHECK.vcxproj", "{12778A0F-847F-3ADC-9F8B-0DB15493E230}"
	ProjectSection(ProjectDependencies) = postProject
	EndProjectSection
EndProject
Project("{8BC9CEB8-8B4A-11D0-8D11-00A0C91BC942}") = "check", "check.vcxproj", "{35E0E98D-B334-3D08-8C14-3AE29D8C5AB9}"
	ProjectSection(ProjectDependencies) = postProject
		{12778A0F-847F-3ADC-9F8B-0DB15493E230} = {12778A0F-847F-3ADC-9F8B-0DB15493E230}
		{D06F5A86-B54E-3DB0-9D1F-6A494AC9F8A0} = {D06F5A86-B54E-3DB0-9D1F-6A494AC9F8A0}
		{43F0D50D-22B6-3878-8B21-D9D0F830C12D} = {43F0D50D-22B6-3878-8B21-D9D0F830C12D}
		{615ED6EC-FE23-385D-ACFF-B9D42BB4A2EF} = {615ED6EC-FE23-385D-ACFF-B9D42BB4A2EF}
		{B0657788-F1D0-3141-9A6D-ED4505688586} = {B0657788-F1D0-3141-9A6D-ED4505688586}
		{848A3239-E8C7-3DB9-919D-62C2C2E90401} = {848A3239-E8C7-3DB9-919D-62C2C2E90401}
		{02C1C894-AA0D-3369-B4D3-70C595CE4652} = {02C1C894-AA0D-3369-B4D3-70C595CE4652}
		{0A889B3D-6110-3BBA-B544-7B269BFF92B9} = {0A889B3D-6110-3BBA-B544-7B269BFF92B9}
		{5D69820D-6DAC-3C37-ABF5-5959B970C5FC} = {5D69820D-6DAC-3C37-ABF5-5959B970C5FC}
		{AD289E0B-0754-39DD-80FC-3E9A3ED7FB38} = {AD289E0B-0754-39DD-80FC-3E9A3ED7FB38}
		{95E50937-4C48-3C1D-9258-F82FB283B935} = {95E50937-4C48-3C1D-9258-F82FB283B935}
		{536F2A5B-A981-3F11-A75C-D3E3B0D90511} = {536F2A5B-A981-3F11-A75C-D3E3B0D90511}
		{59D84B6A-6D09-35DF-9971-55B4B5707B45} = {59D84B6A-6D09-35DF-9971-55B4B5707B45}
		{7E8EB621-145F-3516-A389-EFD8CE4AEF6A} = {7E8EB621-145F-3516-A389-EFD8CE4AEF6A}
		{BA6419C9-C088-3EA2-B964-85033A53CE22} = {BA6419C9-C088-3EA2-B964-85033A53CE22}
		{74EA037C-6D66-3ACA-839A-7F418DF45559} = {74EA037C-6D66-3ACA-839A-7F418DF45559}
		{C0947897-9352-3388-9C7B-A225251116A5} = {C0947897-9352-3388-9C7B-A225251116A5}
	EndProjectSection
EndProject
Project("{8BC9CEB8-8B4A-11D0-8D11-00A0C91BC942}") = "jansson", "jansson.vcxproj", "{9B665339-7ECC-3368-9204-EE95D9756572}"
	ProjectSection(ProjectDependencies) = postProject
		{12778A0F-847F-3ADC-9F8B-0DB15493E230} = {12778A0F-847F-3ADC-9F8B-0DB15493E230}
	EndProjectSection
EndProject
Project("{8BC9CEB8-8B4A-11D0-8D11-00A0C91BC942}") = "json_process", "json_process.vcxproj", "{D06F5A86-B54E-3DB0-9D1F-6A494AC9F8A0}"
	ProjectSection(ProjectDependencies) = postProject
		{12778A0F-847F-3ADC-9F8B-0DB15493E230} = {12778A0F-847F-3ADC-9F8B-0DB15493E230}
		{9B665339-7ECC-3368-9204-EE95D9756572} = {9B665339-7ECC-3368-9204-EE95D9756572}
	EndProjectSection
EndProject
Project("{8BC9CEB8-8B4A-11D0-8D11-00A0C91BC942}") = "simple_parse", "simple_parse.vcxproj", "{8B60B1D6-7098-3469-90A3-DF5274348DA3}"
	ProjectSection(ProjectDependencies) = postProject
		{12778A0F-847F-3ADC-9F8B-0DB15493E230} = {12778A0F-847F-3ADC-9F8B-0DB15493E230}
		{9B665339-7ECC-3368-9204-EE95D9756572} = {9B665339-7ECC-3368-9204-EE95D9756572}
	EndProjectSection
EndProject
Project("{8BC9CEB8-8B4A-11D0-8D11-00A0C91BC942}") = "test_array", "test_array.vcxproj", "{43F0D50D-22B6-3878-8B21-D9D0F830C12D}"
	ProjectSection(ProjectDependencies) = postProject
		{12778A0F-847F-3ADC-9F8B-0DB15493E230} = {12778A0F-847F-3ADC-9F8B-0DB15493E230}
		{9B665339-7ECC-3368-9204-EE95D9756572} = {9B665339-7ECC-3368-9204-EE95D9756572}
	EndProjectSection
EndProject
Project("{8BC9CEB8-8B4A-11D0-8D11-00A0C91BC942}") = "test_chaos", "test_chaos.vcxproj", "{615ED6EC-FE23-385D-ACFF-B9D42BB4A2EF}"
	ProjectSection(ProjectDependencies) = postProject
		{12778A0F-847F-3ADC-9F8B-0DB15493E230} = {12778A0F-847F-3ADC-9F8B-0DB15493E230}
		{9B665339-7ECC-3368-9204-EE95D9756572} = {9B665339-7ECC-3368-9204-EE95D9756572}
	EndProjectSection
EndProject
Project("{8BC9CEB8-8B4A-11D0-8D11-00A0C91BC942}") = "test_copy", "test_copy.vcxproj", "{B0657788-F1D0-3141-9A6D-ED4505688586}"
	ProjectSection(ProjectDependencies) = postProject
		{12778A0F-847F-3ADC-9F8B-0DB15493E230} = {12778A0F-847F-3ADC-9F8B-0DB15493E230}
		{9B665339-7ECC-3368-9204-EE95D9756572} = {9B665339-7ECC-3368-9204-EE95D9756572}
	EndProjectSection
EndProject
Project("{8BC9CEB8-8B4A-11D0-8D11-00A0C91BC942}") = "test_dump", "test_dump.vcxproj", "{848A3239-E8C7-3DB9-919D-62C2C2E90401}"
	ProjectSection(ProjectDependencies) = postProject
		{12778A0F-847F-3ADC-9F8B-0DB15493E230} = {12778A0F-847F-3ADC-9F8B-0DB15493E230}
		{9B665339-7ECC-3368-9204-EE95D9756572} = {9B665339-7ECC-3368-9204-EE95D9756572}
	EndProjectSection
EndProject
Project("{8BC9CEB8-8B4A-11D0-8D11-00A0C91BC942}") = "test_dump_callback", "test_dump_callback.vcxproj", "{02C1C894-AA0D-3369-B4D3-70C595CE4652}"
	ProjectSection(ProjectDependencies) = postProject
		{12778A0F-847F-3ADC-9F8B-0DB15493E230} = {12778A0F-847F-3ADC-9F8B-0DB15493E230}
		{9B665339-7ECC-3368-9204-EE95D9756572} = {9B665339-7ECC-3368-9204-EE95D9756572}
	EndProjectSection
EndProject
Project("{8BC9CEB8-8B4A-11D0-8D11-00A0C91BC942}") = "test_equal", "test_equal.vcxproj", "{0A889B3D-6110-3BBA-B544-7B269BFF92B9}"
	ProjectSection(ProjectDependencies) = postProject
		{12778A0F-847F-3ADC-9F8B-0DB15493E230} = {12778A0F-847F-3ADC-9F8B-0DB15493E230}
		{9B665339-7ECC-3368-9204-EE95D9756572} = {9B665339-7ECC-3368-9204-EE95D9756572}
	EndProjectSection
EndProject
Project("{8BC9CEB8-8B4A-11D0-8D11-00A0C91BC942}") = "test_load", "test_load.vcxproj", "{5D69820D-6DAC-3C37-ABF5-5959B970C5FC}"
	ProjectSection(ProjectDependencies) = postProject
		{12778A0F-847F-3ADC-9F8B-0DB15493E230} = {12778A0F-847F-3ADC-9F8B-0DB15493E230}
		{9B665339-7ECC-3368-9204-EE95D9756572} = {9B665339-7ECC-3368-9204-EE95D9756572}
	EndProjectSection
EndProject
Project("{8BC9CEB8-8B4A-11D0-8D11-00A0C91BC942}") = "test_load_callback", "test_load_callback.vcxproj", "{AD289E0B-0754-39DD-80FC-3E9A3ED7FB38}"
	ProjectSection(ProjectDependencies) = postProject
		{12778A0F-847F-3ADC-9F8B-0DB15493E230} = {12778A0F-847F-3ADC-9F8B-0DB15493E230}
		{9B665339-7ECC-3368-9204-EE95D9756572} = {9B665339-7ECC-3368-9204-EE95D9756572}
	EndProjectSection
EndProject
Project("{8BC9CEB8-8B4A-11D0-8D11-00A0C91BC942}") = "test_loadb", "test_loadb.vcxproj", "{95E50937-4C48-3C1D-9258-F82FB283B935}"
	ProjectSection(ProjectDependencies) = postProject
		{12778A0F-847F-3ADC-9F8B-0DB15493E230} = {12778A0F-847F-3ADC-9F8B-0DB15493E230}
		{9B665339-7ECC-3368-9204-EE95D9756572} = {9B665339-7ECC-3368-9204-EE95D9756572}
	EndProjectSection
EndProject
Project("{8BC9CEB8-8B4A-11D0-8D11-00A0C91BC942}") = "test_number", "test_number.vcxproj", "{536F2A5B-A981-3F11-A75C-D3E3B0D90511}"
	ProjectSection(ProjectDependencies) = postProject
		{12778A0F-847F-3ADC-9F8B-0DB15493E230} = {12778A0F-847F-3ADC-9F8B-0DB15493E230}
		{9B665339-7ECC-3368-9204-EE95D9756572} = {9B665339-7ECC-3368-9204-EE95D9756572}
	EndProjectSection
EndProject
Project("{8BC9CEB8-8B4A-11D0-8D11-00A0C91BC942}") = "test_object", "test_object.vcxproj", "{59D84B6A-6D09-35DF-9971-55B4B5707B45}"
	ProjectSection(ProjectDependencies) = postProject
		{12778A0F-847F-3ADC-9F8B-0DB15493E230} = {12778A0F-847F-3ADC-9F8B-0DB15493E230}
		{9B665339-7ECC-3368-9204-EE95D9756572} = {9B665339-7ECC-3368-9204-EE95D9756572}
	EndProjectSection
EndProject
Project("{8BC9CEB8-8B4A-11D0-8D11-00A0C91BC942}") = "test_pack", "test_pack.vcxproj", "{7E8EB621-145F-3516-A389-EFD8CE4AEF6A}"
	ProjectSection(ProjectDependencies) = postProject
		{12778A0F-847F-3ADC-9F8B-0DB15493E230} = {12778A0F-847F-3ADC-9F8B-0DB15493E230}
		{9B665339-7ECC-3368-9204-EE95D9756572} = {9B665339-7ECC-3368-9204-EE95D9756572}
	EndProjectSection
EndProject
Project("{8BC9CEB8-8B4A-11D0-8D11-00A0C91BC942}") = "test_simple", "test_simple.vcxproj", "{BA6419C9-C088-3EA2-B964-85033A53CE22}"
	ProjectSection(ProjectDependencies) = postProject
		{12778A0F-847F-3ADC-9F8B-0DB15493E230} = {12778A0F-847F-3ADC-9F8B-0DB15493E230}
		{9B665339-7ECC-3368-9204-EE95D9756572} = {9B665339-7ECC-3368-9204-EE95D9756572}
	EndProjectSection
EndProject
Project("{8BC9CEB8-8B4A-11D0-8D11-00A0C91BC942}") = "test_sprintf", "test_sprintf.vcxproj", "{74EA037C-6D66-3ACA-839A-7F418DF45559}"
	ProjectSection(ProjectDependencies) = postProject
		{12778A0F-847F-3ADC-9F8B-0DB15493E230} = {12778A0F-847F-3ADC-9F8B-0DB15493E230}
		{9B665339-7ECC-3368-9204-EE95D9756572} = {9B665339-7ECC-3368-9204-EE95D9756572}
	EndProjectSection
EndProject
Project("{8BC9CEB8-8B4A-11D0-8D11-00A0C91BC942}") = "test_unpack", "test_unpack.vcxproj", "{C0947897-9352-3388-9C7B-A225251116A5}"
	ProjectSection(ProjectDependencies) = postProject
		{12778A0F-847F-3ADC-9F8B-0DB15493E230} = {12778A0F-847F-3ADC-9F8B-0DB15493E230}
		{9B665339-7ECC-3368-9204-EE95D9756572} = {9B665339-7ECC-3368-9204-EE95D9756572}
	EndProjectSection
EndProject
Global
	GlobalSection(SolutionConfigurationPlatforms) = preSolution
		Debug|Win32 = Debug|Win32
		Release|Win32 = Release|Win32
		MinSizeRel|Win32 = MinSizeRel|Win32
		RelWithDebInfo|Win32 = RelWithDebInfo|Win32
	EndGlobalSection
	GlobalSection(ProjectConfigurationPlatforms) = postSolution
		{1A4B89DA-1C5C-3C47-AB2E-95DDFF590116}.Debug|Win32.ActiveCfg = Debug|Win32
		{1A4B89DA-1C5C-3C47-AB2E-95DDFF590116}.Debug|Win32.Build.0 = Debug|Win32
		{1A4B89DA-1C5C-3C47-AB2E-95DDFF590116}.Release|Win32.ActiveCfg = Release|Win32
		{1A4B89DA-1C5C-3C47-AB2E-95DDFF590116}.Release|Win32.Build.0 = Release|Win32
		{1A4B89DA-1C5C-3C47-AB2E-95DDFF590116}.MinSizeRel|Win32.ActiveCfg = MinSizeRel|Win32
		{1A4B89DA-1C5C-3C47-AB2E-95DDFF590116}.MinSizeRel|Win32.Build.0 = MinSizeRel|Win32
		{1A4B89DA-1C5C-3C47-AB2E-95DDFF590116}.RelWithDebInfo|Win32.ActiveCfg = RelWithDebInfo|Win32
		{1A4B89DA-1C5C-3C47-AB2E-95DDFF590116}.RelWithDebInfo|Win32.Build.0 = RelWithDebInfo|Win32
		{3555CD2F-8D98-3597-9710-7494B2324089}.Debug|Win32.ActiveCfg = Debug|Win32
		{3555CD2F-8D98-3597-9710-7494B2324089}.Release|Win32.ActiveCfg = Release|Win32
		{3555CD2F-8D98-3597-9710-7494B2324089}.MinSizeRel|Win32.ActiveCfg = MinSizeRel|Win32
		{3555CD2F-8D98-3597-9710-7494B2324089}.RelWithDebInfo|Win32.ActiveCfg = RelWithDebInfo|Win32
		{C1BD91BA-9F13-3F34-99FD-785462492241}.Debug|Win32.ActiveCfg = Debug|Win32
		{C1BD91BA-9F13-3F34-99FD-785462492241}.Release|Win32.ActiveCfg = Release|Win32
		{C1BD91BA-9F13-3F34-99FD-785462492241}.MinSizeRel|Win32.ActiveCfg = MinSizeRel|Win32
		{C1BD91BA-9F13-3F34-99FD-785462492241}.RelWithDebInfo|Win32.ActiveCfg = RelWithDebInfo|Win32
		{12778A0F-847F-3ADC-9F8B-0DB15493E230}.Debug|Win32.ActiveCfg = Debug|Win32
		{12778A0F-847F-3ADC-9F8B-0DB15493E230}.Debug|Win32.Build.0 = Debug|Win32
		{12778A0F-847F-3ADC-9F8B-0DB15493E230}.Release|Win32.ActiveCfg = Release|Win32
		{12778A0F-847F-3ADC-9F8B-0DB15493E230}.Release|Win32.Build.0 = Release|Win32
		{12778A0F-847F-3ADC-9F8B-0DB15493E230}.MinSizeRel|Win32.ActiveCfg = MinSizeRel|Win32
		{12778A0F-847F-3ADC-9F8B-0DB15493E230}.MinSizeRel|Win32.Build.0 = MinSizeRel|Win32
		{12778A0F-847F-3ADC-9F8B-0DB15493E230}.RelWithDebInfo|Win32.ActiveCfg = RelWithDebInfo|Win32
		{12778A0F-847F-3ADC-9F8B-0DB15493E230}.RelWithDebInfo|Win32.Build.0 = RelWithDebInfo|Win32
		{35E0E98D-B334-3D08-8C14-3AE29D8C5AB9}.Debug|Win32.ActiveCfg = Debug|Win32
		{35E0E98D-B334-3D08-8C14-3AE29D8C5AB9}.Release|Win32.ActiveCfg = Release|Win32
		{35E0E98D-B334-3D08-8C14-3AE29D8C5AB9}.MinSizeRel|Win32.ActiveCfg = MinSizeRel|Win32
		{35E0E98D-B334-3D08-8C14-3AE29D8C5AB9}.RelWithDebInfo|Win32.ActiveCfg = RelWithDebInfo|Win32
		{9B665339-7ECC-3368-9204-EE95D9756572}.Debug|Win32.ActiveCfg = Debug|Win32
		{9B665339-7ECC-3368-9204-EE95D9756572}.Debug|Win32.Build.0 = Debug|Win32
		{9B665339-7ECC-3368-9204-EE95D9756572}.Release|Win32.ActiveCfg = Release|Win32
		{9B665339-7ECC-3368-9204-EE95D9756572}.Release|Win32.Build.0 = Release|Win32
		{9B665339-7ECC-3368-9204-EE95D9756572}.MinSizeRel|Win32.ActiveCfg = MinSizeRel|Win32
		{9B665339-7ECC-3368-9204-EE95D9756572}.MinSizeRel|Win32.Build.0 = MinSizeRel|Win32
		{9B665339-7ECC-3368-9204-EE95D9756572}.RelWithDebInfo|Win32.ActiveCfg = RelWithDebInfo|Win32
		{9B665339-7ECC-3368-9204-EE95D9756572}.RelWithDebInfo|Win32.Build.0 = RelWithDebInfo|Win32
		{D06F5A86-B54E-3DB0-9D1F-6A494AC9F8A0}.Debug|Win32.ActiveCfg = Debug|Win32
		{D06F5A86-B54E-3DB0-9D1F-6A494AC9F8A0}.Debug|Win32.Build.0 = Debug|Win32
		{D06F5A86-B54E-3DB0-9D1F-6A494AC9F8A0}.Release|Win32.ActiveCfg = Release|Win32
		{D06F5A86-B54E-3DB0-9D1F-6A494AC9F8A0}.Release|Win32.Build.0 = Release|Win32
		{D06F5A86-B54E-3DB0-9D1F-6A494AC9F8A0}.MinSizeRel|Win32.ActiveCfg = MinSizeRel|Win32
		{D06F5A86-B54E-3DB0-9D1F-6A494AC9F8A0}.MinSizeRel|Win32.Build.0 = MinSizeRel|Win32
		{D06F5A86-B54E-3DB0-9D1F-6A494AC9F8A0}.RelWithDebInfo|Win32.ActiveCfg = RelWithDebInfo|Win32
		{D06F5A86-B54E-3DB0-9D1F-6A494AC9F8A0}.RelWithDebInfo|Win32.Build.0 = RelWithDebInfo|Win32
		{8B60B1D6-7098-3469-90A3-DF5274348DA3}.Debug|Win32.ActiveCfg = Debug|Win32
		{8B60B1D6-7098-3469-90A3-DF5274348DA3}.Debug|Win32.Build.0 = Debug|Win32
		{8B60B1D6-7098-3469-90A3-DF5274348DA3}.Release|Win32.ActiveCfg = Release|Win32
		{8B60B1D6-7098-3469-90A3-DF5274348DA3}.Release|Win32.Build.0 = Release|Win32
		{8B60B1D6-7098-3469-90A3-DF5274348DA3}.MinSizeRel|Win32.ActiveCfg = MinSizeRel|Win32
		{8B60B1D6-7098-3469-90A3-DF5274348DA3}.MinSizeRel|Win32.Build.0 = MinSizeRel|Win32
		{8B60B1D6-7098-3469-90A3-DF5274348DA3}.RelWithDebInfo|Win32.ActiveCfg = RelWithDebInfo|Win32
		{8B60B1D6-7098-3469-90A3-DF5274348DA3}.RelWithDebInfo|Win32.Build.0 = RelWithDebInfo|Win32
		{43F0D50D-22B6-3878-8B21-D9D0F830C12D}.Debug|Win32.ActiveCfg = Debug|Win32
		{43F0D50D-22B6-3878-8B21-D9D0F830C12D}.Debug|Win32.Build.0 = Debug|Win32
		{43F0D50D-22B6-3878-8B21-D9D0F830C12D}.Release|Win32.ActiveCfg = Release|Win32
		{43F0D50D-22B6-3878-8B21-D9D0F830C12D}.Release|Win32.Build.0 = Release|Win32
		{43F0D50D-22B6-3878-8B21-D9D0F830C12D}.MinSizeRel|Win32.ActiveCfg = MinSizeRel|Win32
		{43F0D50D-22B6-3878-8B21-D9D0F830C12D}.MinSizeRel|Win32.Build.0 = MinSizeRel|Win32
		{43F0D50D-22B6-3878-8B21-D9D0F830C12D}.RelWithDebInfo|Win32.ActiveCfg = RelWithDebInfo|Win32
		{43F0D50D-22B6-3878-8B21-D9D0F830C12D}.RelWithDebInfo|Win32.Build.0 = RelWithDebInfo|Win32
		{615ED6EC-FE23-385D-ACFF-B9D42BB4A2EF}.Debug|Win32.ActiveCfg = Debug|Win32
		{615ED6EC-FE23-385D-ACFF-B9D42BB4A2EF}.Debug|Win32.Build.0 = Debug|Win32
		{615ED6EC-FE23-385D-ACFF-B9D42BB4A2EF}.Release|Win32.ActiveCfg = Release|Win32
		{615ED6EC-FE23-385D-ACFF-B9D42BB4A2EF}.Release|Win32.Build.0 = Release|Win32
		{615ED6EC-FE23-385D-ACFF-B9D42BB4A2EF}.MinSizeRel|Win32.ActiveCfg = MinSizeRel|Win32
		{615ED6EC-FE23-385D-ACFF-B9D42BB4A2EF}.MinSizeRel|Win32.Build.0 = MinSizeRel|Win32
		{615ED6EC-FE23-385D-ACFF-B9D42BB4A2EF}.RelWithDebInfo|Win32.ActiveCfg = RelWithDebInfo|Win32
		{615ED6EC-FE23-385D-ACFF-B9D42BB4A2EF}.RelWithDebInfo|Win32.Build.0 = RelWithDebInfo|Win32
		{B0657788-F1D0-3141-9A6D-ED4505688586}.Debug|Win32.ActiveCfg = Debug|Win32
		{B0657788-F1D0-3141-9A6D-ED4505688586}.Debug|Win32.Build.0 = Debug|Win32
		{B0657788-F1D0-3141-9A6D-ED4505688586}.Release|Win32.ActiveCfg = Release|Win32
		{B0657788-F1D0-3141-9A6D-ED4505688586}.Release|Win32.Build.0 = Release|Win32
		{B0657788-F1D0-3141-9A6D-ED4505688586}.MinSizeRel|Win32.ActiveCfg = MinSizeRel|Win32
		{B0657788-F1D0-3141-9A6D-ED4505688586}.MinSizeRel|Win32.Build.0 = MinSizeRel|Win32
		{B0657788-F1D0-3141-9A6D-ED4505688586}.RelWithDebInfo|Win32.ActiveCfg = RelWithDebInfo|Win32
		{B0657788-F1D0-3141-9A6D-ED4505688586}.RelWithDebInfo|Win32.Build.0 = RelWithDebInfo|Win32
		{848A3239-E8C7-3DB9-919D-62C2C2E90401}.Debug|Win32.ActiveCfg = Debug|Win32
		{848A3239-E8C7-3DB9-919D-62C2C2E90401}.Debug|Win32.Build.0 = Debug|Win32
		{848A3239-E8C7-3DB9-919D-62C2C2E90401}.Release|Win32.ActiveCfg = Release|Win32
		{848A3239-E8C7-3DB9-919D-62C2C2E90401}.Release|Win32.Build.0 = Release|Win32
		{848A3239-E8C7-3DB9-919D-62C2C2E90401}.MinSizeRel|Win32.ActiveCfg = MinSizeRel|Win32
		{848A3239-E8C7-3DB9-919D-62C2C2E90401}.MinSizeRel|Win32.Build.0 = MinSizeRel|Win32
		{848A3239-E8C7-3DB9-919D-62C2C2E90401}.RelWithDebInfo|Win32.ActiveCfg = RelWithDebInfo|Win32
		{848A3239-E8C7-3DB9-919D-62C2C2E90401}.RelWithDebInfo|Win32.Build.0 = RelWithDebInfo|Win32
		{02C1C894-AA0D-3369-B4D3-70C595CE4652}.Debug|Win32.ActiveCfg = Debug|Win32
		{02C1C894-AA0D-3369-B4D3-70C595CE4652}.Debug|Win32.Build.0 = Debug|Win32
		{02C1C894-AA0D-3369-B4D3-70C595CE4652}.Release|Win32.ActiveCfg = Release|Win32
		{02C1C894-AA0D-3369-B4D3-70C595CE4652}.Release|Win32.Build.0 = Release|Win32
		{02C1C894-AA0D-3369-B4D3-70C595CE4652}.MinSizeRel|Win32.ActiveCfg = MinSizeRel|Win32
		{02C1C894-AA0D-3369-B4D3-70C595CE4652}.MinSizeRel|Win32.Build.0 = MinSizeRel|Win32
		{02C1C894-AA0D-3369-B4D3-70C595CE4652}.RelWithDebInfo|Win32.ActiveCfg = RelWithDebInfo|Win32
		{02C1C894-AA0D-3369-B4D3-70C595CE4652}.RelWithDebInfo|Win32.Build.0 = RelWithDebInfo|Win32
		{0A889B3D-6110-3BBA-B544-7B269BFF92B9}.Debug|Win32.ActiveCfg = Debug|Win32
		{0A889B3D-6110-3BBA-B544-7B269BFF92B9}.Debug|Win32.Build.0 = Debug|Win32
		{0A889B3D-6110-3BBA-B544-7B269BFF92B9}.Release|Win32.ActiveCfg = Release|Win32
		{0A889B3D-6110-3BBA-B544-7B269BFF92B9}.Release|Win32.Build.0 = Release|Win32
		{0A889B3D-6110-3BBA-B544-7B269BFF92B9}.MinSizeRel|Win32.ActiveCfg = MinSizeRel|Win32
		{0A889B3D-6110-3BBA-B544-7B269BFF92B9}.MinSizeRel|Win32.Build.0 = MinSizeRel|Win32
		{0A889B3D-6110-3BBA-B544-7B269BFF92B9}.RelWithDebInfo|Win32.ActiveCfg = RelWithDebInfo|Win32
		{0A889B3D-6110-3BBA-B544-7B269BFF92B9}.RelWithDebInfo|Win32.Build.0 = RelWithDebInfo|Win32
		{5D69820D-6DAC-3C37-ABF5-5959B970C5FC}.Debug|Win32.ActiveCfg = Debug|Win32
		{5D69820D-6DAC-3C37-ABF5-5959B970C5FC}.Debug|Win32.Build.0 = Debug|Win32
		{5D69820D-6DAC-3C37-ABF5-5959B970C5FC}.Release|Win32.ActiveCfg = Release|Win32
		{5D69820D-6DAC-3C37-ABF5-5959B970C5FC}.Release|Win32.Build.0 = Release|Win32
		{5D69820D-6DAC-3C37-ABF5-5959B970C5FC}.MinSizeRel|Win32.ActiveCfg = MinSizeRel|Win32
		{5D69820D-6DAC-3C37-ABF5-5959B970C5FC}.MinSizeRel|Win32.Build.0 = MinSizeRel|Win32
		{5D69820D-6DAC-3C37-ABF5-5959B970C5FC}.RelWithDebInfo|Win32.ActiveCfg = RelWithDebInfo|Win32
		{5D69820D-6DAC-3C37-ABF5-5959B970C5FC}.RelWithDebInfo|Win32.Build.0 = RelWithDebInfo|Win32
		{AD289E0B-0754-39DD-80FC-3E9A3ED7FB38}.Debug|Win32.ActiveCfg = Debug|Win32
		{AD289E0B-0754-39DD-80FC-3E9A3ED7FB38}.Debug|Win32.Build.0 = Debug|Win32
		{AD289E0B-0754-39DD-80FC-3E9A3ED7FB38}.Release|Win32.ActiveCfg = Release|Win32
		{AD289E0B-0754-39DD-80FC-3E9A3ED7FB38}.Release|Win32.Build.0 = Release|Win32
		{AD289E0B-0754-39DD-80FC-3E9A3ED7FB38}.MinSizeRel|Win32.ActiveCfg = MinSizeRel|Win32
		{AD289E0B-0754-39DD-80FC-3E9A3ED7FB38}.MinSizeRel|Win32.Build.0 = MinSizeRel|Win32
		{AD289E0B-0754-39DD-80FC-3E9A3ED7FB38}.RelWithDebInfo|Win32.ActiveCfg = RelWithDebInfo|Win32
		{AD289E0B-0754-39DD-80FC-3E9A3ED7FB38}.RelWithDebInfo|Win32.Build.0 = RelWithDebInfo|Win32
		{95E50937-4C48-3C1D-9258-F82FB283B935}.Debug|Win32.ActiveCfg = Debug|Win32
		{95E50937-4C48-3C1D-9258-F82FB283B935}.Debug|Win32.Build.0 = Debug|Win32
		{95E50937-4C48-3C1D-9258-F82FB283B935}.Release|Win32.ActiveCfg = Release|Win32
		{95E50937-4C48-3C1D-9258-F82FB283B935}.Release|Win32.Build.0 = Release|Win32
		{95E50937-4C48-3C1D-9258-F82FB283B935}.MinSizeRel|Win32.ActiveCfg = MinSizeRel|Win32
		{95E50937-4C48-3C1D-9258-F82FB283B935}.MinSizeRel|Win32.Build.0 = MinSizeRel|Win32
		{95E50937-4C48-3C1D-9258-F82FB283B935}.RelWithDebInfo|Win32.ActiveCfg = RelWithDebInfo|Win32
		{95E50937-4C48-3C1D-9258-F82FB283B935}.RelWithDebInfo|Win32.Build.0 = RelWithDebInfo|Win32
		{536F2A5B-A981-3F11-A75C-D3E3B0D90511}.Debug|Win32.ActiveCfg = Debug|Win32
		{536F2A5B-A981-3F11-A75C-D3E3B0D90511}.Debug|Win32.Build.0 = Debug|Win32
		{536F2A5B-A981-3F11-A75C-D3E3B0D90511}.Release|Win32.ActiveCfg = Release|Win32
		{536F2A5B-A981-3F11-A75C-D3E3B0D90511}.Release|Win32.Build.0 = Release|Win32
		{536F2A5B-A981-3F11-A75C-D3E3B0D90511}.MinSizeRel|Win32.ActiveCfg = MinSizeRel|Win32
		{536F2A5B-A981-3F11-A75C-D3E3B0D90511}.MinSizeRel|Win32.Build.0 = MinSizeRel|Win32
		{536F2A5B-A981-3F11-A75C-D3E3B0D90511}.RelWithDebInfo|Win32.ActiveCfg = RelWithDebInfo|Win32
		{536F2A5B-A981-3F11-A75C-D3E3B0D90511}.RelWithDebInfo|Win32.Build.0 = RelWithDebInfo|Win32
		{59D84B6A-6D09-35DF-9971-55B4B5707B45}.Debug|Win32.ActiveCfg = Debug|Win32
		{59D84B6A-6D09-35DF-9971-55B4B5707B45}.Debug|Win32.Build.0 = Debug|Win32
		{59D84B6A-6D09-35DF-9971-55B4B5707B45}.Release|Win32.ActiveCfg = Release|Win32
		{59D84B6A-6D09-35DF-9971-55B4B5707B45}.Release|Win32.Build.0 = Release|Win32
		{59D84B6A-6D09-35DF-9971-55B4B5707B45}.MinSizeRel|Win32.ActiveCfg = MinSizeRel|Win32
		{59D84B6A-6D09-35DF-9971-55B4B5707B45}.MinSizeRel|Win32.Build.0 = MinSizeRel|Win32
		{59D84B6A-6D09-35DF-9971-55B4B5707B45}.RelWithDebInfo|Win32.ActiveCfg = RelWithDebInfo|Win32
		{59D84B6A-6D09-35DF-9971-55B4B5707B45}.RelWithDebInfo|Win32.Build.0 = RelWithDebInfo|Win32
		{7E8EB621-145F-3516-A389-EFD8CE4AEF6A}.Debug|Win32.ActiveCfg = Debug|Win32
		{7E8EB621-145F-3516-A389-EFD8CE4AEF6A}.Debug|Win32.Build.0 = Debug|Win32
		{7E8EB621-145F-3516-A389-EFD8CE4AEF6A}.Release|Win32.ActiveCfg = Release|Win32
		{7E8EB621-145F-3516-A389-EFD8CE4AEF6A}.Release|Win32.Build.0 = Release|Win32
		{7E8EB621-145F-3516-A389-EFD8CE4AEF6A}.MinSizeRel|Win32.ActiveCfg = MinSizeRel|Win32
		{7E8EB621-145F-3516-A389-EFD8CE4AEF6A}.MinSizeRel|Win32.Build.0 = MinSizeRel|Win32
		{7E8EB621-145F-3516-A389-EFD8CE4AEF6A}.RelWithDebInfo|Win32.ActiveCfg = RelWithDebInfo|Win32
		{7E8EB621-145F-3516-A389-EFD8CE4AEF6A}.RelWithDebInfo|Win32.Build.0 = RelWithDebInfo|Win32
		{BA6419C9-C088-3EA2-B964-85033A53CE22}.Debug|Win32.ActiveCfg = Debug|Win32
		{BA6419C9-C088-3EA2-B964-85033A53CE22}.Debug|Win32.Build.0 = Debug|Win32
		{BA6419C9-C088-3EA2-B964-85033A53CE22}.Release|Win32.ActiveCfg = Release|Win32
		{BA6419C9-C088-3EA2-B964-85033A53CE22}.Release|Win32.Build.0 = Release|Win32
		{BA6419C9-C088-3EA2-B964-85033A53CE22}.MinSizeRel|Win32.ActiveCfg = MinSizeRel|Win32
		{BA6419C9-C088-3EA2-B964-85033A53CE22}.MinSizeRel|Win32.Build.0 = MinSizeRel|Win32
		{BA6419C9-C088-3EA2-B964-85033A53CE22}.RelWithDebInfo|Win32.ActiveCfg = RelWithDebInfo|Win32
		{BA6419C9-C088-3EA2-B964-85033A53CE22}.RelWithDebInfo|Win32.Build.0 = RelWithDebInfo|Win32
		{74EA037C-6D66-3ACA-839A-7F418DF45559}.Debug|Win32.ActiveCfg = Debug|Win32
		{74EA037C-6D66-3ACA-839A-7F418DF45559}.Debug|Win32.Build.0 = Debug|Win32
		{74EA037C-6D66-3ACA-839A-7F418DF45559}.Release|Win32.ActiveCfg = Release|Win32
		{74EA037C-6D66-3ACA-839A-7F418DF45559}.Release|Win32.Build.0 = Release|Win32
		{74EA037C-6D66-3ACA-839A-7F418DF45559}.MinSizeRel|Win32.ActiveCfg = MinSizeRel|Win32
		{74EA037C-6D66-3ACA-839A-7F418DF45559}.MinSizeRel|Win32.Build.0 = MinSizeRel|Win32
		{74EA037C-6D66-3ACA-839A-7F418DF45559}.RelWithDebInfo|Win32.ActiveCfg = RelWithDebInfo|Win32
		{74EA037C-6D66-3ACA-839A-7F418DF45559}.RelWithDebInfo|Win32.Build.0 = RelWithDebInfo|Win32
		{C0947897-9352-3388-9C7B-A225251116A5}.Debug|Win32.ActiveCfg = Debug|Win32
		{C0947897-9352-3388-9C7B-A225251116A5}.Debug|Win32.Build.0 = Debug|Win32
		{C0947897-9352-3388-9C7B-A225251116A5}.Release|Win32.ActiveCfg = Release|Win32
		{C0947897-9352-3388-9C7B-A225251116A5}.Release|Win32.Build.0 = Release|Win32
		{C0947897-9352-3388-9C7B-A225251116A5}.MinSizeRel|Win32.ActiveCfg = MinSizeRel|Win32
		{C0947897-9352-3388-9C7B-A225251116A5}.MinSizeRel|Win32.Build.0 = MinSizeRel|Win32
		{C0947897-9352-3388-9C7B-A225251116A5}.RelWithDebInfo|Win32.ActiveCfg = RelWithDebInfo|Win32
		{C0947897-9352-3388-9C7B-A225251116A5}.RelWithDebInfo|Win32.Build.0 = RelWithDebInfo|Win32
	EndGlobalSection
	GlobalSection(ExtensibilityGlobals) = postSolution
		SolutionGuid = {6AEACFD2-608E-3258-8278-E78794F4F57E}
	EndGlobalSection
	GlobalSection(ExtensibilityAddIns) = postSolution
	EndGlobalSection
EndGlobal
