
Microsoft Visual Studio Solution File, Format Version 12.00
# Visual Studio 15
Project("{8BC9CEB8-8B4A-11D0-8D11-00A0C91BC942}") = "ALL_BUILD", "ALL_BUILD.vcxproj", "{BBE37465-BC07-397A-96AF-61A9F4F26568}"
	ProjectSection(ProjectDependencies) = postProject
		{DA667F93-B089-3F4C-96C6-AF021A0E9558} = {DA667F93-B089-3F4C-96C6-AF021A0E9558}
		{D197DCC4-1BF0-3175-BC68-ADFF698B90CB} = {D197DCC4-1BF0-3175-BC68-ADFF698B90CB}
		{9441AFD6-6089-3743-B261-A622ED97117D} = {9441AFD6-6089-3743-B261-A622ED97117D}
		{AEDB150A-94D3-3206-BA3F-A2535AF78879} = {AEDB150A-94D3-3206-BA3F-A2535AF78879}
		{C34CAD75-DCC8-3091-91D0-5139A41F0F19} = {C34CAD75-DCC8-3091-91D0-5139A41F0F19}
		{1503CE9C-2C01-3FB8-B858-D6830BBE4C0B} = {1503CE9C-2C01-3FB8-B858-D6830BBE4C0B}
		{106E281F-B859-386D-96F9-E20393B434FB} = {106E281F-B859-386D-96F9-E20393B434FB}
		{71EAA227-1E87-3E46-9C3C-52150EA017E4} = {71EAA227-1E87-3E46-9C3C-52150EA017E4}
		{9A647169-51EE-3D48-A523-6EB9C5BE2656} = {9A647169-51EE-3D48-A523-6EB9C5BE2656}
		{707FD14D-97D0-33D1-A7A8-6CE6DF5F2D94} = {707FD14D-97D0-33D1-A7A8-6CE6DF5F2D94}
		{49B2AA8C-2A7C-3016-BF3B-DC6324D8E9D3} = {49B2AA8C-2A7C-3016-BF3B-DC6324D8E9D3}
		{5720EDF9-EA62-387F-B443-A8661F2C8011} = {5720EDF9-EA62-387F-B443-A8661F2C8011}
		{BF558FC2-CD1E-31A1-AE85-25B7E1257F3C} = {BF558FC2-CD1E-31A1-AE85-25B7E1257F3C}
		{3F22A8FF-F8A8-3E31-87AB-5BBAEE9756F9} = {3F22A8FF-F8A8-3E31-87AB-5BBAEE9756F9}
		{CB7B4ADD-3D5C-33F7-A6F5-002C84A8553C} = {CB7B4ADD-3D5C-33F7-A6F5-002C84A8553C}
		{618E3946-6A08-347D-A84E-350A23C1072F} = {618E3946-6A08-347D-A84E-350A23C1072F}
		{619344A2-AFE8-3357-958B-5ACA0D68DAFB} = {619344A2-AFE8-3357-958B-5ACA0D68DAFB}
		{DA287202-9B84-33D1-A6A2-25ECE0362D81} = {DA287202-9B84-33D1-A6A2-25ECE0362D81}
		{4D06BB99-BA17-3DCE-BE88-D8F4B8C25582} = {4D06BB99-BA17-3DCE-BE88-D8F4B8C25582}
	EndProjectSection
EndProject
Project("{8BC9CEB8-8B4A-11D0-8D11-00A0C91BC942}") = "INSTALL", "INSTALL.vcxproj", "{70A3BF10-F432-39B2-B6A8-2B00F3666225}"
	ProjectSection(ProjectDependencies) = postProject
		{BBE37465-BC07-397A-96AF-61A9F4F26568} = {BBE37465-BC07-397A-96AF-61A9F4F26568}
		{DA667F93-B089-3F4C-96C6-AF021A0E9558} = {DA667F93-B089-3F4C-96C6-AF021A0E9558}
	EndProjectSection
EndProject
Project("{8BC9CEB8-8B4A-11D0-8D11-00A0C91BC942}") = "RUN_TESTS", "RUN_TESTS.vcxproj", "{816CB810-15EE-3283-B875-98FBCCC09C4F}"
	ProjectSection(ProjectDependencies) = postProject
		{DA667F93-B089-3F4C-96C6-AF021A0E9558} = {DA667F93-B089-3F4C-96C6-AF021A0E9558}
	EndProjectSection
EndProject
Project("{8BC9CEB8-8B4A-11D0-8D11-00A0C91BC942}") = "ZERO_CHECK", "ZERO_CHECK.vcxproj", "{DA667F93-B089-3F4C-96C6-AF021A0E9558}"
	ProjectSection(ProjectDependencies) = postProject
	EndProjectSection
EndProject
Project("{8BC9CEB8-8B4A-11D0-8D11-00A0C91BC942}") = "check", "check.vcxproj", "{4412FEBD-2739-3230-AA40-DFEDA5E5F4AF}"
	ProjectSection(ProjectDependencies) = postProject
		{DA667F93-B089-3F4C-96C6-AF021A0E9558} = {DA667F93-B089-3F4C-96C6-AF021A0E9558}
		{9441AFD6-6089-3743-B261-A622ED97117D} = {9441AFD6-6089-3743-B261-A622ED97117D}
		{C34CAD75-DCC8-3091-91D0-5139A41F0F19} = {C34CAD75-DCC8-3091-91D0-5139A41F0F19}
		{1503CE9C-2C01-3FB8-B858-D6830BBE4C0B} = {1503CE9C-2C01-3FB8-B858-D6830BBE4C0B}
		{106E281F-B859-386D-96F9-E20393B434FB} = {106E281F-B859-386D-96F9-E20393B434FB}
		{71EAA227-1E87-3E46-9C3C-52150EA017E4} = {71EAA227-1E87-3E46-9C3C-52150EA017E4}
		{9A647169-51EE-3D48-A523-6EB9C5BE2656} = {9A647169-51EE-3D48-A523-6EB9C5BE2656}
		{707FD14D-97D0-33D1-A7A8-6CE6DF5F2D94} = {707FD14D-97D0-33D1-A7A8-6CE6DF5F2D94}
		{49B2AA8C-2A7C-3016-BF3B-DC6324D8E9D3} = {49B2AA8C-2A7C-3016-BF3B-DC6324D8E9D3}
		{5720EDF9-EA62-387F-B443-A8661F2C8011} = {5720EDF9-EA62-387F-B443-A8661F2C8011}
		{BF558FC2-CD1E-31A1-AE85-25B7E1257F3C} = {BF558FC2-CD1E-31A1-AE85-25B7E1257F3C}
		{3F22A8FF-F8A8-3E31-87AB-5BBAEE9756F9} = {3F22A8FF-F8A8-3E31-87AB-5BBAEE9756F9}
		{CB7B4ADD-3D5C-33F7-A6F5-002C84A8553C} = {CB7B4ADD-3D5C-33F7-A6F5-002C84A8553C}
		{618E3946-6A08-347D-A84E-350A23C1072F} = {618E3946-6A08-347D-A84E-350A23C1072F}
		{619344A2-AFE8-3357-958B-5ACA0D68DAFB} = {619344A2-AFE8-3357-958B-5ACA0D68DAFB}
		{DA287202-9B84-33D1-A6A2-25ECE0362D81} = {DA287202-9B84-33D1-A6A2-25ECE0362D81}
		{4D06BB99-BA17-3DCE-BE88-D8F4B8C25582} = {4D06BB99-BA17-3DCE-BE88-D8F4B8C25582}
	EndProjectSection
EndProject
Project("{8BC9CEB8-8B4A-11D0-8D11-00A0C91BC942}") = "jansson", "jansson.vcxproj", "{D197DCC4-1BF0-3175-BC68-ADFF698B90CB}"
	ProjectSection(ProjectDependencies) = postProject
		{DA667F93-B089-3F4C-96C6-AF021A0E9558} = {DA667F93-B089-3F4C-96C6-AF021A0E9558}
	EndProjectSection
EndProject
Project("{8BC9CEB8-8B4A-11D0-8D11-00A0C91BC942}") = "json_process", "json_process.vcxproj", "{9441AFD6-6089-3743-B261-A622ED97117D}"
	ProjectSection(ProjectDependencies) = postProject
		{DA667F93-B089-3F4C-96C6-AF021A0E9558} = {DA667F93-B089-3F4C-96C6-AF021A0E9558}
		{D197DCC4-1BF0-3175-BC68-ADFF698B90CB} = {D197DCC4-1BF0-3175-BC68-ADFF698B90CB}
	EndProjectSection
EndProject
Project("{8BC9CEB8-8B4A-11D0-8D11-00A0C91BC942}") = "simple_parse", "simple_parse.vcxproj", "{AEDB150A-94D3-3206-BA3F-A2535AF78879}"
	ProjectSection(ProjectDependencies) = postProject
		{DA667F93-B089-3F4C-96C6-AF021A0E9558} = {DA667F93-B089-3F4C-96C6-AF021A0E9558}
		{D197DCC4-1BF0-3175-BC68-ADFF698B90CB} = {D197DCC4-1BF0-3175-BC68-ADFF698B90CB}
	EndProjectSection
EndProject
Project("{8BC9CEB8-8B4A-11D0-8D11-00A0C91BC942}") = "test_array", "test_array.vcxproj", "{C34CAD75-DCC8-3091-91D0-5139A41F0F19}"
	ProjectSection(ProjectDependencies) = postProject
		{DA667F93-B089-3F4C-96C6-AF021A0E9558} = {DA667F93-B089-3F4C-96C6-AF021A0E9558}
		{D197DCC4-1BF0-3175-BC68-ADFF698B90CB} = {D197DCC4-1BF0-3175-BC68-ADFF698B90CB}
	EndProjectSection
EndProject
Project("{8BC9CEB8-8B4A-11D0-8D11-00A0C91BC942}") = "test_chaos", "test_chaos.vcxproj", "{1503CE9C-2C01-3FB8-B858-D6830BBE4C0B}"
	ProjectSection(ProjectDependencies) = postProject
		{DA667F93-B089-3F4C-96C6-AF021A0E9558} = {DA667F93-B089-3F4C-96C6-AF021A0E9558}
		{D197DCC4-1BF0-3175-BC68-ADFF698B90CB} = {D197DCC4-1BF0-3175-BC68-ADFF698B90CB}
	EndProjectSection
EndProject
Project("{8BC9CEB8-8B4A-11D0-8D11-00A0C91BC942}") = "test_copy", "test_copy.vcxproj", "{106E281F-B859-386D-96F9-E20393B434FB}"
	ProjectSection(ProjectDependencies) = postProject
		{DA667F93-B089-3F4C-96C6-AF021A0E9558} = {DA667F93-B089-3F4C-96C6-AF021A0E9558}
		{D197DCC4-1BF0-3175-BC68-ADFF698B90CB} = {D197DCC4-1BF0-3175-BC68-ADFF698B90CB}
	EndProjectSection
EndProject
Project("{8BC9CEB8-8B4A-11D0-8D11-00A0C91BC942}") = "test_dump", "test_dump.vcxproj", "{71EAA227-1E87-3E46-9C3C-52150EA017E4}"
	ProjectSection(ProjectDependencies) = postProject
		{DA667F93-B089-3F4C-96C6-AF021A0E9558} = {DA667F93-B089-3F4C-96C6-AF021A0E9558}
		{D197DCC4-1BF0-3175-BC68-ADFF698B90CB} = {D197DCC4-1BF0-3175-BC68-ADFF698B90CB}
	EndProjectSection
EndProject
Project("{8BC9CEB8-8B4A-11D0-8D11-00A0C91BC942}") = "test_dump_callback", "test_dump_callback.vcxproj", "{9A647169-51EE-3D48-A523-6EB9C5BE2656}"
	ProjectSection(ProjectDependencies) = postProject
		{DA667F93-B089-3F4C-96C6-AF021A0E9558} = {DA667F93-B089-3F4C-96C6-AF021A0E9558}
		{D197DCC4-1BF0-3175-BC68-ADFF698B90CB} = {D197DCC4-1BF0-3175-BC68-ADFF698B90CB}
	EndProjectSection
EndProject
Project("{8BC9CEB8-8B4A-11D0-8D11-00A0C91BC942}") = "test_equal", "test_equal.vcxproj", "{707FD14D-97D0-33D1-A7A8-6CE6DF5F2D94}"
	ProjectSection(ProjectDependencies) = postProject
		{DA667F93-B089-3F4C-96C6-AF021A0E9558} = {DA667F93-B089-3F4C-96C6-AF021A0E9558}
		{D197DCC4-1BF0-3175-BC68-ADFF698B90CB} = {D197DCC4-1BF0-3175-BC68-ADFF698B90CB}
	EndProjectSection
EndProject
Project("{8BC9CEB8-8B4A-11D0-8D11-00A0C91BC942}") = "test_load", "test_load.vcxproj", "{49B2AA8C-2A7C-3016-BF3B-DC6324D8E9D3}"
	ProjectSection(ProjectDependencies) = postProject
		{DA667F93-B089-3F4C-96C6-AF021A0E9558} = {DA667F93-B089-3F4C-96C6-AF021A0E9558}
		{D197DCC4-1BF0-3175-BC68-ADFF698B90CB} = {D197DCC4-1BF0-3175-BC68-ADFF698B90CB}
	EndProjectSection
EndProject
Project("{8BC9CEB8-8B4A-11D0-8D11-00A0C91BC942}") = "test_load_callback", "test_load_callback.vcxproj", "{5720EDF9-EA62-387F-B443-A8661F2C8011}"
	ProjectSection(ProjectDependencies) = postProject
		{DA667F93-B089-3F4C-96C6-AF021A0E9558} = {DA667F93-B089-3F4C-96C6-AF021A0E9558}
		{D197DCC4-1BF0-3175-BC68-ADFF698B90CB} = {D197DCC4-1BF0-3175-BC68-ADFF698B90CB}
	EndProjectSection
EndProject
Project("{8BC9CEB8-8B4A-11D0-8D11-00A0C91BC942}") = "test_loadb", "test_loadb.vcxproj", "{BF558FC2-CD1E-31A1-AE85-25B7E1257F3C}"
	ProjectSection(ProjectDependencies) = postProject
		{DA667F93-B089-3F4C-96C6-AF021A0E9558} = {DA667F93-B089-3F4C-96C6-AF021A0E9558}
		{D197DCC4-1BF0-3175-BC68-ADFF698B90CB} = {D197DCC4-1BF0-3175-BC68-ADFF698B90CB}
	EndProjectSection
EndProject
Project("{8BC9CEB8-8B4A-11D0-8D11-00A0C91BC942}") = "test_number", "test_number.vcxproj", "{3F22A8FF-F8A8-3E31-87AB-5BBAEE9756F9}"
	ProjectSection(ProjectDependencies) = postProject
		{DA667F93-B089-3F4C-96C6-AF021A0E9558} = {DA667F93-B089-3F4C-96C6-AF021A0E9558}
		{D197DCC4-1BF0-3175-BC68-ADFF698B90CB} = {D197DCC4-1BF0-3175-BC68-ADFF698B90CB}
	EndProjectSection
EndProject
Project("{8BC9CEB8-8B4A-11D0-8D11-00A0C91BC942}") = "test_object", "test_object.vcxproj", "{CB7B4ADD-3D5C-33F7-A6F5-002C84A8553C}"
	ProjectSection(ProjectDependencies) = postProject
		{DA667F93-B089-3F4C-96C6-AF021A0E9558} = {DA667F93-B089-3F4C-96C6-AF021A0E9558}
		{D197DCC4-1BF0-3175-BC68-ADFF698B90CB} = {D197DCC4-1BF0-3175-BC68-ADFF698B90CB}
	EndProjectSection
EndProject
Project("{8BC9CEB8-8B4A-11D0-8D11-00A0C91BC942}") = "test_pack", "test_pack.vcxproj", "{618E3946-6A08-347D-A84E-350A23C1072F}"
	ProjectSection(ProjectDependencies) = postProject
		{DA667F93-B089-3F4C-96C6-AF021A0E9558} = {DA667F93-B089-3F4C-96C6-AF021A0E9558}
		{D197DCC4-1BF0-3175-BC68-ADFF698B90CB} = {D197DCC4-1BF0-3175-BC68-ADFF698B90CB}
	EndProjectSection
EndProject
Project("{8BC9CEB8-8B4A-11D0-8D11-00A0C91BC942}") = "test_simple", "test_simple.vcxproj", "{619344A2-AFE8-3357-958B-5ACA0D68DAFB}"
	ProjectSection(ProjectDependencies) = postProject
		{DA667F93-B089-3F4C-96C6-AF021A0E9558} = {DA667F93-B089-3F4C-96C6-AF021A0E9558}
		{D197DCC4-1BF0-3175-BC68-ADFF698B90CB} = {D197DCC4-1BF0-3175-BC68-ADFF698B90CB}
	EndProjectSection
EndProject
Project("{8BC9CEB8-8B4A-11D0-8D11-00A0C91BC942}") = "test_sprintf", "test_sprintf.vcxproj", "{DA287202-9B84-33D1-A6A2-25ECE0362D81}"
	ProjectSection(ProjectDependencies) = postProject
		{DA667F93-B089-3F4C-96C6-AF021A0E9558} = {DA667F93-B089-3F4C-96C6-AF021A0E9558}
		{D197DCC4-1BF0-3175-BC68-ADFF698B90CB} = {D197DCC4-1BF0-3175-BC68-ADFF698B90CB}
	EndProjectSection
EndProject
Project("{8BC9CEB8-8B4A-11D0-8D11-00A0C91BC942}") = "test_unpack", "test_unpack.vcxproj", "{4D06BB99-BA17-3DCE-BE88-D8F4B8C25582}"
	ProjectSection(ProjectDependencies) = postProject
		{DA667F93-B089-3F4C-96C6-AF021A0E9558} = {DA667F93-B089-3F4C-96C6-AF021A0E9558}
		{D197DCC4-1BF0-3175-BC68-ADFF698B90CB} = {D197DCC4-1BF0-3175-BC68-ADFF698B90CB}
	EndProjectSection
EndProject
Global
	GlobalSection(SolutionConfigurationPlatforms) = preSolution
		Debug|Win32 = Debug|Win32
		Release|Win32 = Release|Win32
		MinSizeRel|Win32 = MinSizeRel|Win32
		RelWithDebInfo|Win32 = RelWithDebInfo|Win32
	EndGlobalSection
	GlobalSection(ProjectConfigurationPlatforms) = postSolution
		{BBE37465-BC07-397A-96AF-61A9F4F26568}.Debug|Win32.ActiveCfg = Debug|Win32
		{BBE37465-BC07-397A-96AF-61A9F4F26568}.Debug|Win32.Build.0 = Debug|Win32
		{BBE37465-BC07-397A-96AF-61A9F4F26568}.Release|Win32.ActiveCfg = Release|Win32
		{BBE37465-BC07-397A-96AF-61A9F4F26568}.Release|Win32.Build.0 = Release|Win32
		{BBE37465-BC07-397A-96AF-61A9F4F26568}.MinSizeRel|Win32.ActiveCfg = MinSizeRel|Win32
		{BBE37465-BC07-397A-96AF-61A9F4F26568}.MinSizeRel|Win32.Build.0 = MinSizeRel|Win32
		{BBE37465-BC07-397A-96AF-61A9F4F26568}.RelWithDebInfo|Win32.ActiveCfg = RelWithDebInfo|Win32
		{BBE37465-BC07-397A-96AF-61A9F4F26568}.RelWithDebInfo|Win32.Build.0 = RelWithDebInfo|Win32
		{70A3BF10-F432-39B2-B6A8-2B00F3666225}.Debug|Win32.ActiveCfg = Debug|Win32
		{70A3BF10-F432-39B2-B6A8-2B00F3666225}.Release|Win32.ActiveCfg = Release|Win32
		{70A3BF10-F432-39B2-B6A8-2B00F3666225}.MinSizeRel|Win32.ActiveCfg = MinSizeRel|Win32
		{70A3BF10-F432-39B2-B6A8-2B00F3666225}.RelWithDebInfo|Win32.ActiveCfg = RelWithDebInfo|Win32
		{816CB810-15EE-3283-B875-98FBCCC09C4F}.Debug|Win32.ActiveCfg = Debug|Win32
		{816CB810-15EE-3283-B875-98FBCCC09C4F}.Release|Win32.ActiveCfg = Release|Win32
		{816CB810-15EE-3283-B875-98FBCCC09C4F}.MinSizeRel|Win32.ActiveCfg = MinSizeRel|Win32
		{816CB810-15EE-3283-B875-98FBCCC09C4F}.RelWithDebInfo|Win32.ActiveCfg = RelWithDebInfo|Win32
		{DA667F93-B089-3F4C-96C6-AF021A0E9558}.Debug|Win32.ActiveCfg = Debug|Win32
		{DA667F93-B089-3F4C-96C6-AF021A0E9558}.Debug|Win32.Build.0 = Debug|Win32
		{DA667F93-B089-3F4C-96C6-AF021A0E9558}.Release|Win32.ActiveCfg = Release|Win32
		{DA667F93-B089-3F4C-96C6-AF021A0E9558}.Release|Win32.Build.0 = Release|Win32
		{DA667F93-B089-3F4C-96C6-AF021A0E9558}.MinSizeRel|Win32.ActiveCfg = MinSizeRel|Win32
		{DA667F93-B089-3F4C-96C6-AF021A0E9558}.MinSizeRel|Win32.Build.0 = MinSizeRel|Win32
		{DA667F93-B089-3F4C-96C6-AF021A0E9558}.RelWithDebInfo|Win32.ActiveCfg = RelWithDebInfo|Win32
		{DA667F93-B089-3F4C-96C6-AF021A0E9558}.RelWithDebInfo|Win32.Build.0 = RelWithDebInfo|Win32
		{4412FEBD-2739-3230-AA40-DFEDA5E5F4AF}.Debug|Win32.ActiveCfg = Debug|Win32
		{4412FEBD-2739-3230-AA40-DFEDA5E5F4AF}.Release|Win32.ActiveCfg = Release|Win32
		{4412FEBD-2739-3230-AA40-DFEDA5E5F4AF}.MinSizeRel|Win32.ActiveCfg = MinSizeRel|Win32
		{4412FEBD-2739-3230-AA40-DFEDA5E5F4AF}.RelWithDebInfo|Win32.ActiveCfg = RelWithDebInfo|Win32
		{D197DCC4-1BF0-3175-BC68-ADFF698B90CB}.Debug|Win32.ActiveCfg = Debug|Win32
		{D197DCC4-1BF0-3175-BC68-ADFF698B90CB}.Debug|Win32.Build.0 = Debug|Win32
		{D197DCC4-1BF0-3175-BC68-ADFF698B90CB}.Release|Win32.ActiveCfg = Release|Win32
		{D197DCC4-1BF0-3175-BC68-ADFF698B90CB}.Release|Win32.Build.0 = Release|Win32
		{D197DCC4-1BF0-3175-BC68-ADFF698B90CB}.MinSizeRel|Win32.ActiveCfg = MinSizeRel|Win32
		{D197DCC4-1BF0-3175-BC68-ADFF698B90CB}.MinSizeRel|Win32.Build.0 = MinSizeRel|Win32
		{D197DCC4-1BF0-3175-BC68-ADFF698B90CB}.RelWithDebInfo|Win32.ActiveCfg = RelWithDebInfo|Win32
		{D197DCC4-1BF0-3175-BC68-ADFF698B90CB}.RelWithDebInfo|Win32.Build.0 = RelWithDebInfo|Win32
		{9441AFD6-6089-3743-B261-A622ED97117D}.Debug|Win32.ActiveCfg = Debug|Win32
		{9441AFD6-6089-3743-B261-A622ED97117D}.Debug|Win32.Build.0 = Debug|Win32
		{9441AFD6-6089-3743-B261-A622ED97117D}.Release|Win32.ActiveCfg = Release|Win32
		{9441AFD6-6089-3743-B261-A622ED97117D}.Release|Win32.Build.0 = Release|Win32
		{9441AFD6-6089-3743-B261-A622ED97117D}.MinSizeRel|Win32.ActiveCfg = MinSizeRel|Win32
		{9441AFD6-6089-3743-B261-A622ED97117D}.MinSizeRel|Win32.Build.0 = MinSizeRel|Win32
		{9441AFD6-6089-3743-B261-A622ED97117D}.RelWithDebInfo|Win32.ActiveCfg = RelWithDebInfo|Win32
		{9441AFD6-6089-3743-B261-A622ED97117D}.RelWithDebInfo|Win32.Build.0 = RelWithDebInfo|Win32
		{AEDB150A-94D3-3206-BA3F-A2535AF78879}.Debug|Win32.ActiveCfg = Debug|Win32
		{AEDB150A-94D3-3206-BA3F-A2535AF78879}.Debug|Win32.Build.0 = Debug|Win32
		{AEDB150A-94D3-3206-BA3F-A2535AF78879}.Release|Win32.ActiveCfg = Release|Win32
		{AEDB150A-94D3-3206-BA3F-A2535AF78879}.Release|Win32.Build.0 = Release|Win32
		{AEDB150A-94D3-3206-BA3F-A2535AF78879}.MinSizeRel|Win32.ActiveCfg = MinSizeRel|Win32
		{AEDB150A-94D3-3206-BA3F-A2535AF78879}.MinSizeRel|Win32.Build.0 = MinSizeRel|Win32
		{AEDB150A-94D3-3206-BA3F-A2535AF78879}.RelWithDebInfo|Win32.ActiveCfg = RelWithDebInfo|Win32
		{AEDB150A-94D3-3206-BA3F-A2535AF78879}.RelWithDebInfo|Win32.Build.0 = RelWithDebInfo|Win32
		{C34CAD75-DCC8-3091-91D0-5139A41F0F19}.Debug|Win32.ActiveCfg = Debug|Win32
		{C34CAD75-DCC8-3091-91D0-5139A41F0F19}.Debug|Win32.Build.0 = Debug|Win32
		{C34CAD75-DCC8-3091-91D0-5139A41F0F19}.Release|Win32.ActiveCfg = Release|Win32
		{C34CAD75-DCC8-3091-91D0-5139A41F0F19}.Release|Win32.Build.0 = Release|Win32
		{C34CAD75-DCC8-3091-91D0-5139A41F0F19}.MinSizeRel|Win32.ActiveCfg = MinSizeRel|Win32
		{C34CAD75-DCC8-3091-91D0-5139A41F0F19}.MinSizeRel|Win32.Build.0 = MinSizeRel|Win32
		{C34CAD75-DCC8-3091-91D0-5139A41F0F19}.RelWithDebInfo|Win32.ActiveCfg = RelWithDebInfo|Win32
		{C34CAD75-DCC8-3091-91D0-5139A41F0F19}.RelWithDebInfo|Win32.Build.0 = RelWithDebInfo|Win32
		{1503CE9C-2C01-3FB8-B858-D6830BBE4C0B}.Debug|Win32.ActiveCfg = Debug|Win32
		{1503CE9C-2C01-3FB8-B858-D6830BBE4C0B}.Debug|Win32.Build.0 = Debug|Win32
		{1503CE9C-2C01-3FB8-B858-D6830BBE4C0B}.Release|Win32.ActiveCfg = Release|Win32
		{1503CE9C-2C01-3FB8-B858-D6830BBE4C0B}.Release|Win32.Build.0 = Release|Win32
		{1503CE9C-2C01-3FB8-B858-D6830BBE4C0B}.MinSizeRel|Win32.ActiveCfg = MinSizeRel|Win32
		{1503CE9C-2C01-3FB8-B858-D6830BBE4C0B}.MinSizeRel|Win32.Build.0 = MinSizeRel|Win32
		{1503CE9C-2C01-3FB8-B858-D6830BBE4C0B}.RelWithDebInfo|Win32.ActiveCfg = RelWithDebInfo|Win32
		{1503CE9C-2C01-3FB8-B858-D6830BBE4C0B}.RelWithDebInfo|Win32.Build.0 = RelWithDebInfo|Win32
		{106E281F-B859-386D-96F9-E20393B434FB}.Debug|Win32.ActiveCfg = Debug|Win32
		{106E281F-B859-386D-96F9-E20393B434FB}.Debug|Win32.Build.0 = Debug|Win32
		{106E281F-B859-386D-96F9-E20393B434FB}.Release|Win32.ActiveCfg = Release|Win32
		{106E281F-B859-386D-96F9-E20393B434FB}.Release|Win32.Build.0 = Release|Win32
		{106E281F-B859-386D-96F9-E20393B434FB}.MinSizeRel|Win32.ActiveCfg = MinSizeRel|Win32
		{106E281F-B859-386D-96F9-E20393B434FB}.MinSizeRel|Win32.Build.0 = MinSizeRel|Win32
		{106E281F-B859-386D-96F9-E20393B434FB}.RelWithDebInfo|Win32.ActiveCfg = RelWithDebInfo|Win32
		{106E281F-B859-386D-96F9-E20393B434FB}.RelWithDebInfo|Win32.Build.0 = RelWithDebInfo|Win32
		{71EAA227-1E87-3E46-9C3C-52150EA017E4}.Debug|Win32.ActiveCfg = Debug|Win32
		{71EAA227-1E87-3E46-9C3C-52150EA017E4}.Debug|Win32.Build.0 = Debug|Win32
		{71EAA227-1E87-3E46-9C3C-52150EA017E4}.Release|Win32.ActiveCfg = Release|Win32
		{71EAA227-1E87-3E46-9C3C-52150EA017E4}.Release|Win32.Build.0 = Release|Win32
		{71EAA227-1E87-3E46-9C3C-52150EA017E4}.MinSizeRel|Win32.ActiveCfg = MinSizeRel|Win32
		{71EAA227-1E87-3E46-9C3C-52150EA017E4}.MinSizeRel|Win32.Build.0 = MinSizeRel|Win32
		{71EAA227-1E87-3E46-9C3C-52150EA017E4}.RelWithDebInfo|Win32.ActiveCfg = RelWithDebInfo|Win32
		{71EAA227-1E87-3E46-9C3C-52150EA017E4}.RelWithDebInfo|Win32.Build.0 = RelWithDebInfo|Win32
		{9A647169-51EE-3D48-A523-6EB9C5BE2656}.Debug|Win32.ActiveCfg = Debug|Win32
		{9A647169-51EE-3D48-A523-6EB9C5BE2656}.Debug|Win32.Build.0 = Debug|Win32
		{9A647169-51EE-3D48-A523-6EB9C5BE2656}.Release|Win32.ActiveCfg = Release|Win32
		{9A647169-51EE-3D48-A523-6EB9C5BE2656}.Release|Win32.Build.0 = Release|Win32
		{9A647169-51EE-3D48-A523-6EB9C5BE2656}.MinSizeRel|Win32.ActiveCfg = MinSizeRel|Win32
		{9A647169-51EE-3D48-A523-6EB9C5BE2656}.MinSizeRel|Win32.Build.0 = MinSizeRel|Win32
		{9A647169-51EE-3D48-A523-6EB9C5BE2656}.RelWithDebInfo|Win32.ActiveCfg = RelWithDebInfo|Win32
		{9A647169-51EE-3D48-A523-6EB9C5BE2656}.RelWithDebInfo|Win32.Build.0 = RelWithDebInfo|Win32
		{707FD14D-97D0-33D1-A7A8-6CE6DF5F2D94}.Debug|Win32.ActiveCfg = Debug|Win32
		{707FD14D-97D0-33D1-A7A8-6CE6DF5F2D94}.Debug|Win32.Build.0 = Debug|Win32
		{707FD14D-97D0-33D1-A7A8-6CE6DF5F2D94}.Release|Win32.ActiveCfg = Release|Win32
		{707FD14D-97D0-33D1-A7A8-6CE6DF5F2D94}.Release|Win32.Build.0 = Release|Win32
		{707FD14D-97D0-33D1-A7A8-6CE6DF5F2D94}.MinSizeRel|Win32.ActiveCfg = MinSizeRel|Win32
		{707FD14D-97D0-33D1-A7A8-6CE6DF5F2D94}.MinSizeRel|Win32.Build.0 = MinSizeRel|Win32
		{707FD14D-97D0-33D1-A7A8-6CE6DF5F2D94}.RelWithDebInfo|Win32.ActiveCfg = RelWithDebInfo|Win32
		{707FD14D-97D0-33D1-A7A8-6CE6DF5F2D94}.RelWithDebInfo|Win32.Build.0 = RelWithDebInfo|Win32
		{49B2AA8C-2A7C-3016-BF3B-DC6324D8E9D3}.Debug|Win32.ActiveCfg = Debug|Win32
		{49B2AA8C-2A7C-3016-BF3B-DC6324D8E9D3}.Debug|Win32.Build.0 = Debug|Win32
		{49B2AA8C-2A7C-3016-BF3B-DC6324D8E9D3}.Release|Win32.ActiveCfg = Release|Win32
		{49B2AA8C-2A7C-3016-BF3B-DC6324D8E9D3}.Release|Win32.Build.0 = Release|Win32
		{49B2AA8C-2A7C-3016-BF3B-DC6324D8E9D3}.MinSizeRel|Win32.ActiveCfg = MinSizeRel|Win32
		{49B2AA8C-2A7C-3016-BF3B-DC6324D8E9D3}.MinSizeRel|Win32.Build.0 = MinSizeRel|Win32
		{49B2AA8C-2A7C-3016-BF3B-DC6324D8E9D3}.RelWithDebInfo|Win32.ActiveCfg = RelWithDebInfo|Win32
		{49B2AA8C-2A7C-3016-BF3B-DC6324D8E9D3}.RelWithDebInfo|Win32.Build.0 = RelWithDebInfo|Win32
		{5720EDF9-EA62-387F-B443-A8661F2C8011}.Debug|Win32.ActiveCfg = Debug|Win32
		{5720EDF9-EA62-387F-B443-A8661F2C8011}.Debug|Win32.Build.0 = Debug|Win32
		{5720EDF9-EA62-387F-B443-A8661F2C8011}.Release|Win32.ActiveCfg = Release|Win32
		{5720EDF9-EA62-387F-B443-A8661F2C8011}.Release|Win32.Build.0 = Release|Win32
		{5720EDF9-EA62-387F-B443-A8661F2C8011}.MinSizeRel|Win32.ActiveCfg = MinSizeRel|Win32
		{5720EDF9-EA62-387F-B443-A8661F2C8011}.MinSizeRel|Win32.Build.0 = MinSizeRel|Win32
		{5720EDF9-EA62-387F-B443-A8661F2C8011}.RelWithDebInfo|Win32.ActiveCfg = RelWithDebInfo|Win32
		{5720EDF9-EA62-387F-B443-A8661F2C8011}.RelWithDebInfo|Win32.Build.0 = RelWithDebInfo|Win32
		{BF558FC2-CD1E-31A1-AE85-25B7E1257F3C}.Debug|Win32.ActiveCfg = Debug|Win32
		{BF558FC2-CD1E-31A1-AE85-25B7E1257F3C}.Debug|Win32.Build.0 = Debug|Win32
		{BF558FC2-CD1E-31A1-AE85-25B7E1257F3C}.Release|Win32.ActiveCfg = Release|Win32
		{BF558FC2-CD1E-31A1-AE85-25B7E1257F3C}.Release|Win32.Build.0 = Release|Win32
		{BF558FC2-CD1E-31A1-AE85-25B7E1257F3C}.MinSizeRel|Win32.ActiveCfg = MinSizeRel|Win32
		{BF558FC2-CD1E-31A1-AE85-25B7E1257F3C}.MinSizeRel|Win32.Build.0 = MinSizeRel|Win32
		{BF558FC2-CD1E-31A1-AE85-25B7E1257F3C}.RelWithDebInfo|Win32.ActiveCfg = RelWithDebInfo|Win32
		{BF558FC2-CD1E-31A1-AE85-25B7E1257F3C}.RelWithDebInfo|Win32.Build.0 = RelWithDebInfo|Win32
		{3F22A8FF-F8A8-3E31-87AB-5BBAEE9756F9}.Debug|Win32.ActiveCfg = Debug|Win32
		{3F22A8FF-F8A8-3E31-87AB-5BBAEE9756F9}.Debug|Win32.Build.0 = Debug|Win32
		{3F22A8FF-F8A8-3E31-87AB-5BBAEE9756F9}.Release|Win32.ActiveCfg = Release|Win32
		{3F22A8FF-F8A8-3E31-87AB-5BBAEE9756F9}.Release|Win32.Build.0 = Release|Win32
		{3F22A8FF-F8A8-3E31-87AB-5BBAEE9756F9}.MinSizeRel|Win32.ActiveCfg = MinSizeRel|Win32
		{3F22A8FF-F8A8-3E31-87AB-5BBAEE9756F9}.MinSizeRel|Win32.Build.0 = MinSizeRel|Win32
		{3F22A8FF-F8A8-3E31-87AB-5BBAEE9756F9}.RelWithDebInfo|Win32.ActiveCfg = RelWithDebInfo|Win32
		{3F22A8FF-F8A8-3E31-87AB-5BBAEE9756F9}.RelWithDebInfo|Win32.Build.0 = RelWithDebInfo|Win32
		{CB7B4ADD-3D5C-33F7-A6F5-002C84A8553C}.Debug|Win32.ActiveCfg = Debug|Win32
		{CB7B4ADD-3D5C-33F7-A6F5-002C84A8553C}.Debug|Win32.Build.0 = Debug|Win32
		{CB7B4ADD-3D5C-33F7-A6F5-002C84A8553C}.Release|Win32.ActiveCfg = Release|Win32
		{CB7B4ADD-3D5C-33F7-A6F5-002C84A8553C}.Release|Win32.Build.0 = Release|Win32
		{CB7B4ADD-3D5C-33F7-A6F5-002C84A8553C}.MinSizeRel|Win32.ActiveCfg = MinSizeRel|Win32
		{CB7B4ADD-3D5C-33F7-A6F5-002C84A8553C}.MinSizeRel|Win32.Build.0 = MinSizeRel|Win32
		{CB7B4ADD-3D5C-33F7-A6F5-002C84A8553C}.RelWithDebInfo|Win32.ActiveCfg = RelWithDebInfo|Win32
		{CB7B4ADD-3D5C-33F7-A6F5-002C84A8553C}.RelWithDebInfo|Win32.Build.0 = RelWithDebInfo|Win32
		{618E3946-6A08-347D-A84E-350A23C1072F}.Debug|Win32.ActiveCfg = Debug|Win32
		{618E3946-6A08-347D-A84E-350A23C1072F}.Debug|Win32.Build.0 = Debug|Win32
		{618E3946-6A08-347D-A84E-350A23C1072F}.Release|Win32.ActiveCfg = Release|Win32
		{618E3946-6A08-347D-A84E-350A23C1072F}.Release|Win32.Build.0 = Release|Win32
		{618E3946-6A08-347D-A84E-350A23C1072F}.MinSizeRel|Win32.ActiveCfg = MinSizeRel|Win32
		{618E3946-6A08-347D-A84E-350A23C1072F}.MinSizeRel|Win32.Build.0 = MinSizeRel|Win32
		{618E3946-6A08-347D-A84E-350A23C1072F}.RelWithDebInfo|Win32.ActiveCfg = RelWithDebInfo|Win32
		{618E3946-6A08-347D-A84E-350A23C1072F}.RelWithDebInfo|Win32.Build.0 = RelWithDebInfo|Win32
		{619344A2-AFE8-3357-958B-5ACA0D68DAFB}.Debug|Win32.ActiveCfg = Debug|Win32
		{619344A2-AFE8-3357-958B-5ACA0D68DAFB}.Debug|Win32.Build.0 = Debug|Win32
		{619344A2-AFE8-3357-958B-5ACA0D68DAFB}.Release|Win32.ActiveCfg = Release|Win32
		{619344A2-AFE8-3357-958B-5ACA0D68DAFB}.Release|Win32.Build.0 = Release|Win32
		{619344A2-AFE8-3357-958B-5ACA0D68DAFB}.MinSizeRel|Win32.ActiveCfg = MinSizeRel|Win32
		{619344A2-AFE8-3357-958B-5ACA0D68DAFB}.MinSizeRel|Win32.Build.0 = MinSizeRel|Win32
		{619344A2-AFE8-3357-958B-5ACA0D68DAFB}.RelWithDebInfo|Win32.ActiveCfg = RelWithDebInfo|Win32
		{619344A2-AFE8-3357-958B-5ACA0D68DAFB}.RelWithDebInfo|Win32.Build.0 = RelWithDebInfo|Win32
		{DA287202-9B84-33D1-A6A2-25ECE0362D81}.Debug|Win32.ActiveCfg = Debug|Win32
		{DA287202-9B84-33D1-A6A2-25ECE0362D81}.Debug|Win32.Build.0 = Debug|Win32
		{DA287202-9B84-33D1-A6A2-25ECE0362D81}.Release|Win32.ActiveCfg = Release|Win32
		{DA287202-9B84-33D1-A6A2-25ECE0362D81}.Release|Win32.Build.0 = Release|Win32
		{DA287202-9B84-33D1-A6A2-25ECE0362D81}.MinSizeRel|Win32.ActiveCfg = MinSizeRel|Win32
		{DA287202-9B84-33D1-A6A2-25ECE0362D81}.MinSizeRel|Win32.Build.0 = MinSizeRel|Win32
		{DA287202-9B84-33D1-A6A2-25ECE0362D81}.RelWithDebInfo|Win32.ActiveCfg = RelWithDebInfo|Win32
		{DA287202-9B84-33D1-A6A2-25ECE0362D81}.RelWithDebInfo|Win32.Build.0 = RelWithDebInfo|Win32
		{4D06BB99-BA17-3DCE-BE88-D8F4B8C25582}.Debug|Win32.ActiveCfg = Debug|Win32
		{4D06BB99-BA17-3DCE-BE88-D8F4B8C25582}.Debug|Win32.Build.0 = Debug|Win32
		{4D06BB99-BA17-3DCE-BE88-D8F4B8C25582}.Release|Win32.ActiveCfg = Release|Win32
		{4D06BB99-BA17-3DCE-BE88-D8F4B8C25582}.Release|Win32.Build.0 = Release|Win32
		{4D06BB99-BA17-3DCE-BE88-D8F4B8C25582}.MinSizeRel|Win32.ActiveCfg = MinSizeRel|Win32
		{4D06BB99-BA17-3DCE-BE88-D8F4B8C25582}.MinSizeRel|Win32.Build.0 = MinSizeRel|Win32
		{4D06BB99-BA17-3DCE-BE88-D8F4B8C25582}.RelWithDebInfo|Win32.ActiveCfg = RelWithDebInfo|Win32
		{4D06BB99-BA17-3DCE-BE88-D8F4B8C25582}.RelWithDebInfo|Win32.Build.0 = RelWithDebInfo|Win32
	EndGlobalSection
	GlobalSection(ExtensibilityGlobals) = postSolution
		SolutionGuid = {E0621862-86A3-3D37-9F26-9732AF3458E2}
	EndGlobalSection
	GlobalSection(ExtensibilityAddIns) = postSolution
	EndGlobalSection
EndGlobal
