<?xml version="1.0" encoding="utf-8"?>
<Project ToolsVersion="15.0" xmlns="http://schemas.microsoft.com/developer/msbuild/2003">
  <ItemGroup>
    <ClCompile Include="C:\yuneta\development\yuneta\^gobj-ecosistema\external-libs\win_build\jansson-2.13.1\test\suites\api\test_pack.c">
      <Filter>Source Files</Filter>
    </ClCompile>
  </ItemGroup>
  <ItemGroup>
    <CustomBuild Include="C:\yuneta\development\yuneta\^gobj-ecosistema\external-libs\win_build\jansson-2.13.1\CMakeLists.txt" />
  </ItemGroup>
  <ItemGroup>
    <Filter Include="Source Files">
      <UniqueIdentifier>{AA5E5FCE-9C9B-39A3-A92C-A90CE92B74E4}</UniqueIdentifier>
    </Filter>
  </ItemGroup>
</Project>
